// !$*UTF8*$!
{
	archiveVersion = 1;
	classes = {
	};
	objectVersion = 52;
	objects = {

/* Begin PBXBuildFile section */
		0207DA581B56EA530066E2B4 /* Images.xcassets in Resources */ = {isa = PBXBuildFile; fileRef = 0207DA571B56EA530066E2B4 /* Images.xcassets */; };
		068C7CF9A88F4C6E8B83AA7E /* BinaryResponseSerializer.m in Sources */ = {isa = PBXBuildFile; fileRef = C9AE1A6864D14825A87D7A40 /* BinaryResponseSerializer.m */; };
		07CFEEA9B57D483E80DD3118 /* NSString+SSURLEncoding.m in Sources */ = {isa = PBXBuildFile; fileRef = 7718121F34F747E78C410401 /* NSString+SSURLEncoding.m */; };
		0D11688D278B4483B583A297 /* APPEmailComposer.m in Sources */ = {isa = PBXBuildFile; fileRef = F39BD1586B7E472591C7AA30 /* APPEmailComposer.m */; };
		11EA14CED0534F4888BFECD1 /* SystemConfiguration.framework in Frameworks */ = {isa = PBXBuildFile; fileRef = C3E6A6E4060744D585BF1001 /* SystemConfiguration.framework */; };
		1D3623260D0F684500981E51 /* AppDelegate.m in Sources */ = {isa = PBXBuildFile; fileRef = 1D3623250D0F684500981E51 /* AppDelegate.m */; };
		1D60589B0D05DD56006BFB54 /* main.m in Sources */ = {isa = PBXBuildFile; fileRef = 29B97316FDCFA39411CA2CEA /* main.m */; };
		214C816088F1DBB101DE46A2 /* Pods_FLUNAH.framework in Frameworks */ = {isa = PBXBuildFile; fileRef = 1FEE6ABA9A019D2ADB3FE2D1 /* Pods_FLUNAH.framework */; };
		247E02AB3F4F401D81EB9078 /* MessageUI.framework in Frameworks */ = {isa = PBXBuildFile; fileRef = 66D3EF4EB5C14D22A5798301 /* MessageUI.framework */; };
		24A40554E7884E4C88881F52 /* NativeStorage.m in Sources */ = {isa = PBXBuildFile; fileRef = 6DE56B5BC8B0486DB2B70359 /* NativeStorage.m */; };
		25B339EF709E49338B0DED40 /* SocialSharing.m in Sources */ = {isa = PBXBuildFile; fileRef = 35C6925D856C4590830C5C9E /* SocialSharing.m */; };
		283387CFE35C4073ACBBBBA7 /* GooglePlus.m in Sources */ = {isa = PBXBuildFile; fileRef = 3EC7AAB4BABA45D09749FDA6 /* GooglePlus.m */; };
		2D0A686382B649C5814372C8 /* IONAssetHandler.m in Sources */ = {isa = PBXBuildFile; fileRef = 0B590BC1CC0B45E6B47D237F /* IONAssetHandler.m */; };
		301BF552109A68D80062928A /* libCordova.a in Frameworks */ = {isa = PBXBuildFile; fileRef = 301BF535109A57CC0062928A /* libCordova.a */; settings = {ATTRIBUTES = (Required, ); }; };
		302D95F114D2391D003F00A1 /* MainViewController.m in Sources */ = {isa = PBXBuildFile; fileRef = 302D95EF14D2391D003F00A1 /* MainViewController.m */; };
		302D95F214D2391D003F00A1 /* MainViewController.xib in Resources */ = {isa = PBXBuildFile; fileRef = 302D95F014D2391D003F00A1 /* MainViewController.xib */; };
		34287D9E8A1C4BB895FB9970 /* CDVIonicKeyboard.m in Sources */ = {isa = PBXBuildFile; fileRef = A288A729A25E4DBD87A5860F /* CDVIonicKeyboard.m */; };
		382387FE0B83479E9CCCDDCE /* AudioToolbox.framework in Frameworks */ = {isa = PBXBuildFile; fileRef = 9CB49E4D6A9F4E0AAE095552 /* AudioToolbox.framework */; settings = {ATTRIBUTES = (Weak, ); }; };
		3F009B0C72D643B693B0073A /* SM_AFSecurityPolicy.m in Sources */ = {isa = PBXBuildFile; fileRef = F44F3D0FA3964C9CB275C98D /* SM_AFSecurityPolicy.m */; };
		43ADD7F21D14462E93FD70A8 /* TextResponseSerializer.m in Sources */ = {isa = PBXBuildFile; fileRef = 83F31AEFA7EA4325A694BADA /* TextResponseSerializer.m */; };
		515C66AF776E4669947C4600 /* TextRequestSerializer.m in Sources */ = {isa = PBXBuildFile; fileRef = FC10E457F5D34896B1CF2275 /* TextRequestSerializer.m */; };
		564DDE5163B0494584FE37BB /* CDVLocation.m in Sources */ = {isa = PBXBuildFile; fileRef = ED3F3B9C81DF44DBB96491B8 /* CDVLocation.m */; };
		56A390FE1C704BFCBB469579 /* AddressBook.framework in Frameworks */ = {isa = PBXBuildFile; fileRef = 5B2B9B21F92B407EBE303753 /* AddressBook.framework */; settings = {ATTRIBUTES = (Weak, ); }; };
		5A1AB1A60CD144368A519035 /* CDVWKProcessPoolFactory.m in Sources */ = {isa = PBXBuildFile; fileRef = A03C64B7A2AD4FCEB54DF1BE /* CDVWKProcessPoolFactory.m */; };
		5D0051313A7A47BEA00750C0 /* CDVDevice.m in Sources */ = {isa = PBXBuildFile; fileRef = D430D1F7B73E4D989DEF2688 /* CDVDevice.m */; };
		65A016B3090C465C8CE4DDE1 /* CDVAppRate.m in Sources */ = {isa = PBXBuildFile; fileRef = 46EDE5B9CF7F4586B423A5E2 /* CDVAppRate.m */; };
		67FBE85E08954336832BCB5D /* FacebookConnectPlugin.m in Sources */ = {isa = PBXBuildFile; fileRef = 744EBEAC7D654C939D1401C0 /* FacebookConnectPlugin.m */; };
		6AFF5BF91D6E424B00AB3073 /* CDVLaunchScreen.storyboard in Resources */ = {isa = PBXBuildFile; fileRef = 6AFF5BF81D6E424B00AB3073 /* CDVLaunchScreen.storyboard */; };
		6B91AD687CE64FF9AB4E23D4 /* SM_AFHTTPSessionManager.m in Sources */ = {isa = PBXBuildFile; fileRef = 3E662CBD917D4C928298B340 /* SM_AFHTTPSessionManager.m */; };
		6D12AFF7BB824EFD91BF9109 /* CDVWKWebViewUIDelegate.m in Sources */ = {isa = PBXBuildFile; fileRef = C8527878385A45669BEEE8FF /* CDVWKWebViewUIDelegate.m */; };
		7070C08AA830469B8E7A9A19 /* WebKit.framework in Frameworks */ = {isa = PBXBuildFile; fileRef = AA4F30CB3828482A95FF7BB2 /* WebKit.framework */; settings = {ATTRIBUTES = (Weak, ); }; };
		71F2ABE39C004E9E93B9EA43 /* CDVNotification.bundle in Resources */ = {isa = PBXBuildFile; fileRef = FF420D6EDC92487FB4F6EEFE /* CDVNotification.bundle */; };
		7DFAAE07A7AE4F2B97E4309E /* CDVLocalFilesystem.m in Sources */ = {isa = PBXBuildFile; fileRef = 816853E41C5049198E1EEC29 /* CDVLocalFilesystem.m */; };
		85A279E6A01B40C1B0C8E707 /* CDVWKWebViewEngine.m in Sources */ = {isa = PBXBuildFile; fileRef = C452D392964243A78A8E39E5 /* CDVWKWebViewEngine.m */; };
		876470BE824A4AAAB855CB4F /* BinaryRequestSerializer.m in Sources */ = {isa = PBXBuildFile; fileRef = A65466D25D6F496A81971D54 /* BinaryRequestSerializer.m */; };
		913E20E618C64577ADEA447B /* SM_AFURLRequestSerialization.m in Sources */ = {isa = PBXBuildFile; fileRef = F5D4E5C863D14B719C0C6DD2 /* SM_AFURLRequestSerialization.m */; };
		9686870E4F55434D9E159961 /* CDVFile.m in Sources */ = {isa = PBXBuildFile; fileRef = D1466890BF47479780BB2ADC /* CDVFile.m */; };
		9BD24EDB92334E94A9B97A40 /* SafariServices.framework in Frameworks */ = {isa = PBXBuildFile; fileRef = D3037BD5B15F4161A0574017 /* SafariServices.framework */; settings = {ATTRIBUTES = (Weak, ); }; };
		9F7194C76B8746A190389D31 /* SM_AFURLSessionManager.m in Sources */ = {isa = PBXBuildFile; fileRef = D6B1C4CC901047E0B6D034EA /* SM_AFURLSessionManager.m */; };
		9FA52E5D064E457886AB8C9D /* CDVNotification.m in Sources */ = {isa = PBXBuildFile; fileRef = 89FC30C4C2ED4A34A556CB36 /* CDVNotification.m */; };
		A288D3A97CC44D24B04CDEC8 /* SM_AFNetworkReachabilityManager.m in Sources */ = {isa = PBXBuildFile; fileRef = 0C735BB220C24ADF96361BAE /* SM_AFNetworkReachabilityManager.m */; };
		A9F8B635A9F04B08880B16C4 /* CoreLocation.framework in Frameworks */ = {isa = PBXBuildFile; fileRef = 27D5B0D46AF4454691F56EA0 /* CoreLocation.framework */; };
		BB5C879F9EF24D5A8D84E188 /* SDNetworkActivityIndicator.m in Sources */ = {isa = PBXBuildFile; fileRef = D0EBE9CA9A4D45EE8C2E63BD /* SDNetworkActivityIndicator.m */; };
		C23176A674A84FBC83CDB1D7 /* Social.framework in Frameworks */ = {isa = PBXBuildFile; fileRef = F96396E2CAE4435C8610C975 /* Social.framework */; settings = {ATTRIBUTES = (Weak, ); }; };
		C29E14C4C9A74E74A06C3092 /* APPEmailComposerImpl.m in Sources */ = {isa = PBXBuildFile; fileRef = 5E2227CF53844E5886AB930B /* APPEmailComposerImpl.m */; };
		C817179D49CC45E8B57D4425 /* StoreKit.framework in Frameworks */ = {isa = PBXBuildFile; fileRef = EF648AE20A8546958670994C /* StoreKit.framework */; };
		CF63EDDF5DBF4621A87FE4A4 /* Security.framework in Frameworks */ = {isa = PBXBuildFile; fileRef = F7A583D3F1DB47FF881F433C /* Security.framework */; };
		D80F8A8454E9441182DDC604 /* SM_AFURLResponseSerialization.m in Sources */ = {isa = PBXBuildFile; fileRef = F82B33DAB53344F78272E6B4 /* SM_AFURLResponseSerialization.m */; };
		DC771CD487C44B208DEDE198 /* libz.dylib in Frameworks */ = {isa = PBXBuildFile; fileRef = EECB46EE84DE4C2D86103BF5 /* libz.dylib */; settings = {ATTRIBUTES = (Weak, ); }; };
		E01BEEA31C574187BA616BEF /* libz.tbd in Frameworks */ = {isa = PBXBuildFile; fileRef = C3FC6D4B6A8747668A916D1E /* libz.tbd */; settings = {ATTRIBUTES = (Weak, ); }; };
		EE3FB51966624D6CBAC2E69C /* NativeGeocoder.swift in Sources */ = {isa = PBXBuildFile; fileRef = D985DAED05E64E99A1D9A820 /* NativeGeocoder.swift */; };
		EF8A98014BEF486A8F6F5859 /* CordovaHttpPlugin.m in Sources */ = {isa = PBXBuildFile; fileRef = 0921773C364E4CE69BEADE60 /* CordovaHttpPlugin.m */; };
		F4246FEC95DC40369D3B9B8D /* RequestLocationAccuracy.m in Sources */ = {isa = PBXBuildFile; fileRef = 702038E52AF04F288EED5E29 /* RequestLocationAccuracy.m */; };
		F6126779877B4E32B6B8D798 /* CDVAssetLibraryFilesystem.m in Sources */ = {isa = PBXBuildFile; fileRef = 144A7B82783D4BBF8822D0C5 /* CDVAssetLibraryFilesystem.m */; };
		F724F97C407343EEBCBE106A /* CoreText.framework in Frameworks */ = {isa = PBXBuildFile; fileRef = 12AC3F9672A447C3A8295AB6 /* CoreText.framework */; settings = {ATTRIBUTES = (Weak, ); }; };
		A8352F86ECF74150B532536E /* CDVStatusBar.m in Sources */ = {isa = PBXBuildFile; fileRef = 5FF1F0B45BFC4F25B90752C4 /* CDVStatusBar.m */; };
		72F7BF96F36540F4BDD63118 /* CDVInAppBrowserOptions.m in Sources */ = {isa = PBXBuildFile; fileRef = 29FC64D1E5284E12B59B0B9C /* CDVInAppBrowserOptions.m */; };
		A060D4D395A54A928556E221 /* CDVInAppBrowserNavigationController.m in Sources */ = {isa = PBXBuildFile; fileRef = 8E1A84D77AB34E1FAFA7A100 /* CDVInAppBrowserNavigationController.m */; };
		C904B0E90E154B7689EAE7D7 /* CDVWKInAppBrowser.m in Sources */ = {isa = PBXBuildFile; fileRef = 4AA4BA65782049CCAC53AB83 /* CDVWKInAppBrowser.m */; };
		B00EBA6D64BE4651A0430A9F /* CDVWKInAppBrowserUIDelegate.m in Sources */ = {isa = PBXBuildFile; fileRef = FD03C096095E4C37B5383DA6 /* CDVWKInAppBrowserUIDelegate.m */; };
		5F3ED321CE7847EE8E7B2E33 /* SQLitePlugin.m in Sources */ = {isa = PBXBuildFile; fileRef = E57BCB411F2D4BFF81622184 /* SQLitePlugin.m */; };
		39DB1CD810D942F5A2EA2000 /* CustomPSPDFThreadSafeMutableDictionary.m in Sources */ = {isa = PBXBuildFile; fileRef = 5039E2BF3D8243BBBD1CC89B /* CustomPSPDFThreadSafeMutableDictionary.m */; settings = {COMPILER_FLAGS = "-w"; }; };
		36741565FA774495A1EBEDD1 /* sqlite3.c in Resources */ = {isa = PBXBuildFile; fileRef = 3610297F527C45AB88ED20FA /* sqlite3.c */; settings = {COMPILER_FLAGS = "-w -DSQLITE_THREADSAFE=1 -DSQLITE_DEFAULT_SYNCHRONOUS=3 -DSQLITE_DEFAULT_MEMSTATUS=0 -DSQLITE_OMIT_DECLTYPE -DSQLITE_OMIT_DEPRECATED -DSQLITE_OMIT_PROGRESS_CALLBACK -DSQLITE_OMIT_SHARED_CACHE -DSQLITE_TEMP_STORE=2 -DSQLITE_OMIT_LOAD_EXTENSION -DSQLITE_ENABLE_FTS3 -DSQLITE_ENABLE_FTS3_PARENTHESIS -DSQLITE_ENABLE_FTS4 -DSQLITE_ENABLE_RTREE -DSQLITE_DEFAULT_PAGE_SIZE=4096"; }; };
		F50B3F8433794AF883CD3542 /* CDVFileTransfer.m in Sources */ = {isa = PBXBuildFile; fileRef = FAC8279E8EB34F49A1559D2C /* CDVFileTransfer.m */; };
		72F846F481394E5496DEA504 /* SOSPicker.m in Sources */ = {isa = PBXBuildFile; fileRef = 4B478277C5B643C690C86D4D /* SOSPicker.m */; };
		DAA7A614D04D4699AA1D8F32 /* FeHourGlass.m in Sources */ = {isa = PBXBuildFile; fileRef = 5579318A886A4C5DB10B9488 /* FeHourGlass.m */; };
		583BBB5DF5324592A3DBD96F /* UIImage+fixOrientation.m in Sources */ = {isa = PBXBuildFile; fileRef = 5E6D072315DB409D8BA11B7B /* UIImage+fixOrientation.m */; };
		056AD10315D048988569C495 /* GMAlbumsViewCell.m in Sources */ = {isa = PBXBuildFile; fileRef = CCF6820DD0B646658E2A4E83 /* GMAlbumsViewCell.m */; };
		87F3B2884C214726AD500E8B /* GMAlbumsViewController.m in Sources */ = {isa = PBXBuildFile; fileRef = 3323BFA9FB524C9B91BE1E6E /* GMAlbumsViewController.m */; };
		931A0B7F3FF449FAB7A33739 /* GMFetchItem.m in Sources */ = {isa = PBXBuildFile; fileRef = 7D1B20BCDFBC4F6BB682AFB2 /* GMFetchItem.m */; };
		B6767AC4A0134FE5A35FB16E /* GMGridViewCell.m in Sources */ = {isa = PBXBuildFile; fileRef = A235C4EA706B42FD87F3050B /* GMGridViewCell.m */; };
		C47AAF630C364ACF95446D7F /* GMGridViewController.m in Sources */ = {isa = PBXBuildFile; fileRef = 79F58944DC24442A8804A12D /* GMGridViewController.m */; };
		5E3EB55C4AD74C0591D59197 /* GMImagePickerController.m in Sources */ = {isa = PBXBuildFile; fileRef = A58AF7ACE11045D79B612ABB /* GMImagePickerController.m */; };
		B5DC61DF000943EA9A382642 /* PSYBlockTimer.m in Sources */ = {isa = PBXBuildFile; fileRef = 15534706E5FE4653AD1454E0 /* PSYBlockTimer.m */; };
		6879D15D2EED459297100546 /* GMPHAsset.m in Sources */ = {isa = PBXBuildFile; fileRef = 688CC1682C924A038E43EA33 /* GMPHAsset.m */; };
		C1F70C347AB248D7BC67DA62 /* GMEmptyFolder@1x.png in Resources */ = {isa = PBXBuildFile; fileRef = A4450ABF9E1348248C496D44 /* GMEmptyFolder@1x.png */; };
		AD20E77C46EE46A49FC99BEB /* GMEmptyFolder@2x.png in Resources */ = {isa = PBXBuildFile; fileRef = 0C23ADC55FD44586B3AF8195 /* GMEmptyFolder@2x.png */; };
		CFC99B6390BF48429856B96B /* GMSelected.png in Resources */ = {isa = PBXBuildFile; fileRef = D51D74D52FB94C55AE106165 /* GMSelected.png */; };
		F3D45798BAD54C01B4E73539 /* GMSelected@2x.png in Resources */ = {isa = PBXBuildFile; fileRef = DBF1ECF9445B481781C3CA84 /* GMSelected@2x.png */; };
		EF7AEEC257AA40938334F0FD /* GMVideoIcon.png in Resources */ = {isa = PBXBuildFile; fileRef = 1831661097EB487FAA2C7408 /* GMVideoIcon.png */; };
		EF2A62B2A05846FC8D81F58B /* GMVideoIcon@2x.png in Resources */ = {isa = PBXBuildFile; fileRef = 07F959229A4342569086B469 /* GMVideoIcon@2x.png */; };
		AA5CE7D352294521A56A2365 /* ca.lproj in Resources */ = {isa = PBXBuildFile; fileRef = 6396B91589394F1C993614F5 /* ca.lproj */; };
		B87EB1372AE24154AB351C71 /* de.lproj in Resources */ = {isa = PBXBuildFile; fileRef = 2C8F916E6F524F7A9273CDF4 /* de.lproj */; };
		18DE6FD1C94E4C4FAF0C531B /* en.lproj in Resources */ = {isa = PBXBuildFile; fileRef = 86C25AE9F320400E8D5CF65C /* en.lproj */; };
		0AC209FEF9514572B769DF64 /* es.lproj in Resources */ = {isa = PBXBuildFile; fileRef = DBB4B0E67ADB4139A3BCDA50 /* es.lproj */; };
		5F3B6E6015D94F43A801D986 /* fr.lproj in Resources */ = {isa = PBXBuildFile; fileRef = 0EB1FFECD1EF4752BFF3B796 /* fr.lproj */; };
		D194CA493FAC4AF9AB077227 /* it.lproj in Resources */ = {isa = PBXBuildFile; fileRef = 85792FB64DD648479D50D8D4 /* it.lproj */; };
		4EA5B9FFC8B74ECCB70AD855 /* pt.lproj in Resources */ = {isa = PBXBuildFile; fileRef = 9984EE9CEA6540C894E2466D /* pt.lproj */; };
		E59ECBFA610542DD94BDC1EE /* pl.lproj in Resources */ = {isa = PBXBuildFile; fileRef = 431D1FF767694654A2972A44 /* pl.lproj */; };
		DB2430AFC62C444188D310E8 /* zh-Hans.lproj in Resources */ = {isa = PBXBuildFile; fileRef = 7B56A18840044ED792A453B7 /* zh-Hans.lproj */; };
		4D23851F30AA4B53AC4AC642 /* Accelerate.framework in Frameworks */ = {isa = PBXBuildFile; fileRef = 7A31ADD6207B4311A649B523 /* Accelerate.framework */; };
		AE0DA458199541EB9AF26BF7 /* Photos.framework in Frameworks */ = {isa = PBXBuildFile; fileRef = D3A91DC554E74D0797EB4675 /* Photos.framework */; };
		8B9595DBB7774270B111FCDD /* QuartzCore.framework in Frameworks */ = {isa = PBXBuildFile; fileRef = 3CE794030D764AC796DA61DA /* QuartzCore.framework */; };
		E0875D5C8CB84BAABD246BD3 /* CTCrop.m in Sources */ = {isa = PBXBuildFile; fileRef = 5190150484594E4297F48E58 /* CTCrop.m */; };
		5D93430CB92942CC8A839C09 /* PECropRectView.m in Sources */ = {isa = PBXBuildFile; fileRef = 9840B04F85D34A3DA855009D /* PECropRectView.m */; };
		D15554F9E842419DB686DD41 /* PECropView.m in Sources */ = {isa = PBXBuildFile; fileRef = F14F1F002E52486DBE40D912 /* PECropView.m */; };
		B5D0B9CC2BF34603972CD1CF /* PECropViewController.m in Sources */ = {isa = PBXBuildFile; fileRef = 89295E3F5D1D435393F216B7 /* PECropViewController.m */; };
		0D3580FABA3C488381552E53 /* PEResizeControl.m in Sources */ = {isa = PBXBuildFile; fileRef = FF28D08FFAFB447EAE25A6E9 /* PEResizeControl.m */; };
		9DB04A69ED214DE7AC58C7DF /* UIImage+PECrop.m in Sources */ = {isa = PBXBuildFile; fileRef = 09D65D053C1541ECB94CA9D2 /* UIImage+PECrop.m */; };
		FCC0D468323D4A2F9FDE69A7 /* PEPhotoCropEditor.bundle in Resources */ = {isa = PBXBuildFile; fileRef = B4117BAEEA664C0CA7F70747 /* PEPhotoCropEditor.bundle */; };
		FB1479D814C14579B522C9EA /* AVFoundation.framework in Frameworks */ = {isa = PBXBuildFile; fileRef = AFFF578DB2134DA089FAFF9E /* AVFoundation.framework */; };
/* End PBXBuildFile section */

/* Begin PBXContainerItemProxy section */
		301BF534109A57CC0062928A /* PBXContainerItemProxy */ = {
			isa = PBXContainerItemProxy;
			containerPortal = 301BF52D109A57CC0062928A /* CordovaLib.xcodeproj */;
			proxyType = 2;
			remoteGlobalIDString = D2AAC07E0554694100DB518D;
			remoteInfo = CordovaLib;
		};
		301BF550109A68C00062928A /* PBXContainerItemProxy */ = {
			isa = PBXContainerItemProxy;
			containerPortal = 301BF52D109A57CC0062928A /* CordovaLib.xcodeproj */;
			proxyType = 1;
			remoteGlobalIDString = D2AAC07D0554694100DB518D;
			remoteInfo = CordovaLib;
		};
		907D8123214C687600058A10 /* PBXContainerItemProxy */ = {
			isa = PBXContainerItemProxy;
			containerPortal = 301BF52D109A57CC0062928A /* CordovaLib.xcodeproj */;
			proxyType = 2;
			remoteGlobalIDString = C0C01EB21E3911D50056E6CB;
			remoteInfo = Cordova;
		};
/* End PBXContainerItemProxy section */

/* Begin PBXFileReference section */
		004AC1A71B08482286A0F231 /* CDVLocation.h */ = {isa = PBXFileReference; explicitFileType = undefined; fileEncoding = 4; includeInIndex = 0; lastKnownFileType = sourcecode.c.h; name = CDVLocation.h; path = "cordova-plugin-geolocation/CDVLocation.h"; sourceTree = "<group>"; };
		0207DA571B56EA530066E2B4 /* Images.xcassets */ = {isa = PBXFileReference; lastKnownFileType = folder.assetcatalog; name = Images.xcassets; path = FLUNAH/Images.xcassets; sourceTree = SOURCE_ROOT; };
		068C83EDFD3449F1B7C03930 /* TextRequestSerializer.h */ = {isa = PBXFileReference; explicitFileType = undefined; fileEncoding = 4; includeInIndex = 0; lastKnownFileType = sourcecode.c.h; name = TextRequestSerializer.h; path = "cordova-plugin-advanced-http/TextRequestSerializer.h"; sourceTree = "<group>"; };
		0921773C364E4CE69BEADE60 /* CordovaHttpPlugin.m */ = {isa = PBXFileReference; explicitFileType = undefined; fileEncoding = 4; includeInIndex = 0; lastKnownFileType = sourcecode.c.objc; name = CordovaHttpPlugin.m; path = "cordova-plugin-advanced-http/CordovaHttpPlugin.m"; sourceTree = "<group>"; };
		0B590BC1CC0B45E6B47D237F /* IONAssetHandler.m */ = {isa = PBXFileReference; explicitFileType = undefined; fileEncoding = 4; includeInIndex = 0; lastKnownFileType = sourcecode.c.objc; name = IONAssetHandler.m; path = "cordova-plugin-ionic-webview/IONAssetHandler.m"; sourceTree = "<group>"; };
		0B6C3C7000844B36AFF2B2E4 /* RequestLocationAccuracy.h */ = {isa = PBXFileReference; explicitFileType = undefined; fileEncoding = 4; includeInIndex = 0; lastKnownFileType = sourcecode.c.h; name = RequestLocationAccuracy.h; path = "cordova-plugin-request-location-accuracy/RequestLocationAccuracy.h"; sourceTree = "<group>"; };
		0C735BB220C24ADF96361BAE /* SM_AFNetworkReachabilityManager.m */ = {isa = PBXFileReference; explicitFileType = undefined; fileEncoding = 4; includeInIndex = 0; lastKnownFileType = sourcecode.c.objc; name = SM_AFNetworkReachabilityManager.m; path = "cordova-plugin-advanced-http/SM_AFNetworkReachabilityManager.m"; sourceTree = "<group>"; };
		1125B8AFC68D48BFBA465E77 /* NativeStorage.h */ = {isa = PBXFileReference; explicitFileType = undefined; fileEncoding = 4; includeInIndex = 0; lastKnownFileType = sourcecode.c.h; name = NativeStorage.h; path = "cordova-plugin-nativestorage/NativeStorage.h"; sourceTree = "<group>"; };
		119DA2F245764D358E9435A8 /* NativeGeocoder-Bridging-Header.h */ = {isa = PBXFileReference; explicitFileType = undefined; fileEncoding = 4; includeInIndex = 0; lastKnownFileType = sourcecode.c.h; name = "NativeGeocoder-Bridging-Header.h"; path = "cordova-plugin-nativegeocoder/NativeGeocoder-Bridging-Header.h"; sourceTree = "<group>"; };
		12AC3F9672A447C3A8295AB6 /* CoreText.framework */ = {isa = PBXFileReference; explicitFileType = undefined; fileEncoding = undefined; includeInIndex = 0; lastKnownFileType = wrapper.framework; name = CoreText.framework; path = System/Library/Frameworks/CoreText.framework; sourceTree = SDKROOT; };
		144A7B82783D4BBF8822D0C5 /* CDVAssetLibraryFilesystem.m */ = {isa = PBXFileReference; explicitFileType = undefined; fileEncoding = 4; includeInIndex = 0; lastKnownFileType = sourcecode.c.objc; name = CDVAssetLibraryFilesystem.m; path = "cordova-plugin-file/CDVAssetLibraryFilesystem.m"; sourceTree = "<group>"; };
		181220735E41420AB7A23C16 /* CDVWKWebViewUIDelegate.h */ = {isa = PBXFileReference; explicitFileType = undefined; fileEncoding = 4; includeInIndex = 0; lastKnownFileType = sourcecode.c.h; name = CDVWKWebViewUIDelegate.h; path = "cordova-plugin-ionic-webview/CDVWKWebViewUIDelegate.h"; sourceTree = "<group>"; };
		18775322BB8841F68A25231D /* TextResponseSerializer.h */ = {isa = PBXFileReference; explicitFileType = undefined; fileEncoding = 4; includeInIndex = 0; lastKnownFileType = sourcecode.c.h; name = TextResponseSerializer.h; path = "cordova-plugin-advanced-http/TextResponseSerializer.h"; sourceTree = "<group>"; };
		18FF5A0749814FD0A12E233F /* CDVAppRate.h */ = {isa = PBXFileReference; explicitFileType = undefined; fileEncoding = 4; includeInIndex = 0; lastKnownFileType = sourcecode.c.h; name = CDVAppRate.h; path = "cordova-plugin-apprate/CDVAppRate.h"; sourceTree = "<group>"; };
		1C11A4BF4572483B92C848B7 /* CordovaHttpPlugin.h */ = {isa = PBXFileReference; explicitFileType = undefined; fileEncoding = 4; includeInIndex = 0; lastKnownFileType = sourcecode.c.h; name = CordovaHttpPlugin.h; path = "cordova-plugin-advanced-http/CordovaHttpPlugin.h"; sourceTree = "<group>"; };
		1D3623240D0F684500981E51 /* AppDelegate.h */ = {isa = PBXFileReference; fileEncoding = 4; lastKnownFileType = sourcecode.c.h; path = AppDelegate.h; sourceTree = "<group>"; };
		1D3623250D0F684500981E51 /* AppDelegate.m */ = {isa = PBXFileReference; fileEncoding = 4; lastKnownFileType = sourcecode.c.objc; path = AppDelegate.m; sourceTree = "<group>"; };
		1D6058910D05DD3D006BFB54 /* FLUNAH.app */ = {isa = PBXFileReference; explicitFileType = wrapper.application; includeInIndex = 0; path = FLUNAH.app; sourceTree = BUILT_PRODUCTS_DIR; };
		1FEE6ABA9A019D2ADB3FE2D1 /* Pods_FLUNAH.framework */ = {isa = PBXFileReference; explicitFileType = wrapper.framework; includeInIndex = 0; path = Pods_FLUNAH.framework; sourceTree = BUILT_PRODUCTS_DIR; };
		2312CFCCCFA549F39BB7ED69 /* SM_AFHTTPSessionManager.h */ = {isa = PBXFileReference; explicitFileType = undefined; fileEncoding = 4; includeInIndex = 0; lastKnownFileType = sourcecode.c.h; name = SM_AFHTTPSessionManager.h; path = "cordova-plugin-advanced-http/SM_AFHTTPSessionManager.h"; sourceTree = "<group>"; };
		26059FA1A2F547D4810F9667 /* SM_AFURLRequestSerialization.h */ = {isa = PBXFileReference; explicitFileType = undefined; fileEncoding = 4; includeInIndex = 0; lastKnownFileType = sourcecode.c.h; name = SM_AFURLRequestSerialization.h; path = "cordova-plugin-advanced-http/SM_AFURLRequestSerialization.h"; sourceTree = "<group>"; };
		27D5B0D46AF4454691F56EA0 /* CoreLocation.framework */ = {isa = PBXFileReference; explicitFileType = undefined; fileEncoding = undefined; includeInIndex = 0; lastKnownFileType = wrapper.framework; name = CoreLocation.framework; path = System/Library/Frameworks/CoreLocation.framework; sourceTree = SDKROOT; };
		29B97316FDCFA39411CA2CEA /* main.m */ = {isa = PBXFileReference; fileEncoding = 4; lastKnownFileType = sourcecode.c.objc; path = main.m; sourceTree = "<group>"; };
		301BF52D109A57CC0062928A /* CordovaLib.xcodeproj */ = {isa = PBXFileReference; lastKnownFileType = "wrapper.pb-project"; name = CordovaLib.xcodeproj; path = CordovaLib/CordovaLib.xcodeproj; sourceTree = "<group>"; };
		301BF56E109A69640062928A /* www */ = {isa = PBXFileReference; lastKnownFileType = folder; path = www; sourceTree = SOURCE_ROOT; };
		302D95EE14D2391D003F00A1 /* MainViewController.h */ = {isa = PBXFileReference; fileEncoding = 4; lastKnownFileType = sourcecode.c.h; path = MainViewController.h; sourceTree = "<group>"; };
		302D95EF14D2391D003F00A1 /* MainViewController.m */ = {isa = PBXFileReference; fileEncoding = 4; lastKnownFileType = sourcecode.c.objc; path = MainViewController.m; sourceTree = "<group>"; };
		302D95F014D2391D003F00A1 /* MainViewController.xib */ = {isa = PBXFileReference; fileEncoding = 4; lastKnownFileType = file.xib; path = MainViewController.xib; sourceTree = "<group>"; };
		3047A50F1AB8059700498E2A /* build-debug.xcconfig */ = {isa = PBXFileReference; fileEncoding = 4; lastKnownFileType = text.xcconfig; name = "build-debug.xcconfig"; path = "cordova/build-debug.xcconfig"; sourceTree = SOURCE_ROOT; };
		3047A5101AB8059700498E2A /* build-release.xcconfig */ = {isa = PBXFileReference; fileEncoding = 4; lastKnownFileType = text.xcconfig; name = "build-release.xcconfig"; path = "cordova/build-release.xcconfig"; sourceTree = SOURCE_ROOT; };
		3047A5111AB8059700498E2A /* build.xcconfig */ = {isa = PBXFileReference; fileEncoding = 4; lastKnownFileType = text.xcconfig; name = build.xcconfig; path = cordova/build.xcconfig; sourceTree = SOURCE_ROOT; };
		32CA4F630368D1EE00C91783 /* FLUNAH-Prefix.pch */ = {isa = PBXFileReference; fileEncoding = 4; lastKnownFileType = sourcecode.c.h; path = "FLUNAH-Prefix.pch"; sourceTree = "<group>"; };
		35C6925D856C4590830C5C9E /* SocialSharing.m */ = {isa = PBXFileReference; explicitFileType = undefined; fileEncoding = 4; includeInIndex = 0; lastKnownFileType = sourcecode.c.objc; name = SocialSharing.m; path = "cordova-plugin-x-socialsharing/SocialSharing.m"; sourceTree = "<group>"; };
		3AFE01A296044CBA8F4545EC /* CDVAssetLibraryFilesystem.h */ = {isa = PBXFileReference; explicitFileType = undefined; fileEncoding = 4; includeInIndex = 0; lastKnownFileType = sourcecode.c.h; name = CDVAssetLibraryFilesystem.h; path = "cordova-plugin-file/CDVAssetLibraryFilesystem.h"; sourceTree = "<group>"; };
		3B80723265014768A335037D /* APPEmailComposerImpl.h */ = {isa = PBXFileReference; explicitFileType = undefined; fileEncoding = 4; includeInIndex = 0; lastKnownFileType = sourcecode.c.h; name = APPEmailComposerImpl.h; path = "cordova-plugin-email-composer/APPEmailComposerImpl.h"; sourceTree = "<group>"; };
		3E662CBD917D4C928298B340 /* SM_AFHTTPSessionManager.m */ = {isa = PBXFileReference; explicitFileType = undefined; fileEncoding = 4; includeInIndex = 0; lastKnownFileType = sourcecode.c.objc; name = SM_AFHTTPSessionManager.m; path = "cordova-plugin-advanced-http/SM_AFHTTPSessionManager.m"; sourceTree = "<group>"; };
		3EC7AAB4BABA45D09749FDA6 /* GooglePlus.m */ = {isa = PBXFileReference; explicitFileType = undefined; fileEncoding = 4; includeInIndex = 0; lastKnownFileType = sourcecode.c.objc; name = GooglePlus.m; path = "cordova-plugin-googleplus/GooglePlus.m"; sourceTree = "<group>"; };
		419FC0ED3F4442D1B2D664A3 /* BinaryRequestSerializer.h */ = {isa = PBXFileReference; explicitFileType = undefined; fileEncoding = 4; includeInIndex = 0; lastKnownFileType = sourcecode.c.h; name = BinaryRequestSerializer.h; path = "cordova-plugin-advanced-http/BinaryRequestSerializer.h"; sourceTree = "<group>"; };
		46EDE5B9CF7F4586B423A5E2 /* CDVAppRate.m */ = {isa = PBXFileReference; explicitFileType = undefined; fileEncoding = 4; includeInIndex = 0; lastKnownFileType = sourcecode.c.objc; name = CDVAppRate.m; path = "cordova-plugin-apprate/CDVAppRate.m"; sourceTree = "<group>"; };
		497D2D945583492DA3F9F2AB /* CDVDevice.h */ = {isa = PBXFileReference; explicitFileType = undefined; fileEncoding = 4; includeInIndex = 0; lastKnownFileType = sourcecode.c.h; name = CDVDevice.h; path = "cordova-plugin-device/CDVDevice.h"; sourceTree = "<group>"; };
		5B2B9B21F92B407EBE303753 /* AddressBook.framework */ = {isa = PBXFileReference; explicitFileType = undefined; fileEncoding = undefined; includeInIndex = 0; lastKnownFileType = wrapper.framework; name = AddressBook.framework; path = System/Library/Frameworks/AddressBook.framework; sourceTree = SDKROOT; };
		5E2227CF53844E5886AB930B /* APPEmailComposerImpl.m */ = {isa = PBXFileReference; explicitFileType = undefined; fileEncoding = 4; includeInIndex = 0; lastKnownFileType = sourcecode.c.objc; name = APPEmailComposerImpl.m; path = "cordova-plugin-email-composer/APPEmailComposerImpl.m"; sourceTree = "<group>"; };
		66D3EF4EB5C14D22A5798301 /* MessageUI.framework */ = {isa = PBXFileReference; explicitFileType = undefined; fileEncoding = undefined; includeInIndex = 0; lastKnownFileType = wrapper.framework; name = MessageUI.framework; path = System/Library/Frameworks/MessageUI.framework; sourceTree = SDKROOT; };
		6AFF5BF81D6E424B00AB3073 /* CDVLaunchScreen.storyboard */ = {isa = PBXFileReference; fileEncoding = 4; lastKnownFileType = file.storyboard; name = CDVLaunchScreen.storyboard; path = FLUNAH/CDVLaunchScreen.storyboard; sourceTree = SOURCE_ROOT; };
		6DE56B5BC8B0486DB2B70359 /* NativeStorage.m */ = {isa = PBXFileReference; explicitFileType = undefined; fileEncoding = 4; includeInIndex = 0; lastKnownFileType = sourcecode.c.objc; name = NativeStorage.m; path = "cordova-plugin-nativestorage/NativeStorage.m"; sourceTree = "<group>"; };
		702038E52AF04F288EED5E29 /* RequestLocationAccuracy.m */ = {isa = PBXFileReference; explicitFileType = undefined; fileEncoding = 4; includeInIndex = 0; lastKnownFileType = sourcecode.c.objc; name = RequestLocationAccuracy.m; path = "cordova-plugin-request-location-accuracy/RequestLocationAccuracy.m"; sourceTree = "<group>"; };
		744EBEAC7D654C939D1401C0 /* FacebookConnectPlugin.m */ = {isa = PBXFileReference; explicitFileType = undefined; fileEncoding = 4; includeInIndex = 0; lastKnownFileType = sourcecode.c.objc; name = FacebookConnectPlugin.m; path = "cordova-plugin-facebook4/FacebookConnectPlugin.m"; sourceTree = "<group>"; };
		7718121F34F747E78C410401 /* NSString+SSURLEncoding.m */ = {isa = PBXFileReference; explicitFileType = undefined; fileEncoding = 4; includeInIndex = 0; lastKnownFileType = sourcecode.c.objc; name = "NSString+SSURLEncoding.m"; path = "cordova-plugin-x-socialsharing/NSString+SSURLEncoding.m"; sourceTree = "<group>"; };
		7A4F4B1D78A6435C838E3918 /* IONAssetHandler.h */ = {isa = PBXFileReference; explicitFileType = undefined; fileEncoding = 4; includeInIndex = 0; lastKnownFileType = sourcecode.c.h; name = IONAssetHandler.h; path = "cordova-plugin-ionic-webview/IONAssetHandler.h"; sourceTree = "<group>"; };
		816853E41C5049198E1EEC29 /* CDVLocalFilesystem.m */ = {isa = PBXFileReference; explicitFileType = undefined; fileEncoding = 4; includeInIndex = 0; lastKnownFileType = sourcecode.c.objc; name = CDVLocalFilesystem.m; path = "cordova-plugin-file/CDVLocalFilesystem.m"; sourceTree = "<group>"; };
		83F31AEFA7EA4325A694BADA /* TextResponseSerializer.m */ = {isa = PBXFileReference; explicitFileType = undefined; fileEncoding = 4; includeInIndex = 0; lastKnownFileType = sourcecode.c.objc; name = TextResponseSerializer.m; path = "cordova-plugin-advanced-http/TextResponseSerializer.m"; sourceTree = "<group>"; };
		862A21CAA9E74316BF3868C3 /* FacebookConnectPlugin.h */ = {isa = PBXFileReference; explicitFileType = undefined; fileEncoding = 4; includeInIndex = 0; lastKnownFileType = sourcecode.c.h; name = FacebookConnectPlugin.h; path = "cordova-plugin-facebook4/FacebookConnectPlugin.h"; sourceTree = "<group>"; };
		88E7FFE6005E4EBAAF6528B1 /* SocialSharing.h */ = {isa = PBXFileReference; explicitFileType = undefined; fileEncoding = 4; includeInIndex = 0; lastKnownFileType = sourcecode.c.h; name = SocialSharing.h; path = "cordova-plugin-x-socialsharing/SocialSharing.h"; sourceTree = "<group>"; };
		89FC30C4C2ED4A34A556CB36 /* CDVNotification.m */ = {isa = PBXFileReference; explicitFileType = undefined; fileEncoding = 4; includeInIndex = 0; lastKnownFileType = sourcecode.c.objc; name = CDVNotification.m; path = "cordova-plugin-dialogs/CDVNotification.m"; sourceTree = "<group>"; };
		8D1107310486CEB800E47090 /* FLUNAH-Info.plist */ = {isa = PBXFileReference; fileEncoding = 4; lastKnownFileType = text.plist.xml; name = "FLUNAH-Info.plist"; path = "FLUNAH/FLUNAH-Info.plist"; plistStructureDefinitionIdentifier = "com.apple.xcode.plist.structure-definition.iphone.info-plist"; sourceTree = SOURCE_ROOT; };
		914AA6F5594A4B4BAC0E284D /* SM_AFNetworkReachabilityManager.h */ = {isa = PBXFileReference; explicitFileType = undefined; fileEncoding = 4; includeInIndex = 0; lastKnownFileType = sourcecode.c.h; name = SM_AFNetworkReachabilityManager.h; path = "cordova-plugin-advanced-http/SM_AFNetworkReachabilityManager.h"; sourceTree = "<group>"; };
		92F8B161E0334059AB4DEAD3 /* CDVNotification.h */ = {isa = PBXFileReference; explicitFileType = undefined; fileEncoding = 4; includeInIndex = 0; lastKnownFileType = sourcecode.c.h; name = CDVNotification.h; path = "cordova-plugin-dialogs/CDVNotification.h"; sourceTree = "<group>"; };
		9321174D54C2470494AFD4A7 /* CDVLocalFilesystem.h */ = {isa = PBXFileReference; explicitFileType = undefined; fileEncoding = 4; includeInIndex = 0; lastKnownFileType = sourcecode.c.h; name = CDVLocalFilesystem.h; path = "cordova-plugin-file/CDVLocalFilesystem.h"; sourceTree = "<group>"; };
		9905590105204E4FA1165AA5 /* BinaryResponseSerializer.h */ = {isa = PBXFileReference; explicitFileType = undefined; fileEncoding = 4; includeInIndex = 0; lastKnownFileType = sourcecode.c.h; name = BinaryResponseSerializer.h; path = "cordova-plugin-advanced-http/BinaryResponseSerializer.h"; sourceTree = "<group>"; };
		9B59F43631D6998566AE8C2C /* Pods-FLUNAH.release.xcconfig */ = {isa = PBXFileReference; includeInIndex = 1; lastKnownFileType = text.xcconfig; name = "Pods-FLUNAH.release.xcconfig"; path = "Target Support Files/Pods-FLUNAH/Pods-FLUNAH.release.xcconfig"; sourceTree = "<group>"; };
		9CB49E4D6A9F4E0AAE095552 /* AudioToolbox.framework */ = {isa = PBXFileReference; explicitFileType = undefined; fileEncoding = undefined; includeInIndex = 0; lastKnownFileType = wrapper.framework; name = AudioToolbox.framework; path = System/Library/Frameworks/AudioToolbox.framework; sourceTree = SDKROOT; };
		A03C64B7A2AD4FCEB54DF1BE /* CDVWKProcessPoolFactory.m */ = {isa = PBXFileReference; explicitFileType = undefined; fileEncoding = 4; includeInIndex = 0; lastKnownFileType = sourcecode.c.objc; name = CDVWKProcessPoolFactory.m; path = "cordova-plugin-ionic-webview/CDVWKProcessPoolFactory.m"; sourceTree = "<group>"; };
		A288A729A25E4DBD87A5860F /* CDVIonicKeyboard.m */ = {isa = PBXFileReference; explicitFileType = undefined; fileEncoding = 4; includeInIndex = 0; lastKnownFileType = sourcecode.c.objc; name = CDVIonicKeyboard.m; path = "cordova-plugin-ionic-keyboard/CDVIonicKeyboard.m"; sourceTree = "<group>"; };
		A65466D25D6F496A81971D54 /* BinaryRequestSerializer.m */ = {isa = PBXFileReference; explicitFileType = undefined; fileEncoding = 4; includeInIndex = 0; lastKnownFileType = sourcecode.c.objc; name = BinaryRequestSerializer.m; path = "cordova-plugin-advanced-http/BinaryRequestSerializer.m"; sourceTree = "<group>"; };
		AA4F30CB3828482A95FF7BB2 /* WebKit.framework */ = {isa = PBXFileReference; explicitFileType = undefined; fileEncoding = undefined; includeInIndex = 0; lastKnownFileType = wrapper.framework; name = WebKit.framework; path = System/Library/Frameworks/WebKit.framework; sourceTree = SDKROOT; };
		B0A27B42777645A285D8D92E /* SDNetworkActivityIndicator.h */ = {isa = PBXFileReference; explicitFileType = undefined; fileEncoding = 4; includeInIndex = 0; lastKnownFileType = sourcecode.c.h; name = SDNetworkActivityIndicator.h; path = "cordova-plugin-advanced-http/SDNetworkActivityIndicator.h"; sourceTree = "<group>"; };
		C3E6A6E4060744D585BF1001 /* SystemConfiguration.framework */ = {isa = PBXFileReference; explicitFileType = undefined; fileEncoding = undefined; includeInIndex = 0; lastKnownFileType = wrapper.framework; name = SystemConfiguration.framework; path = System/Library/Frameworks/SystemConfiguration.framework; sourceTree = SDKROOT; };
		C3FC6D4B6A8747668A916D1E /* libz.tbd */ = {isa = PBXFileReference; explicitFileType = undefined; fileEncoding = undefined; includeInIndex = 0; lastKnownFileType = "sourcecode.text-based-dylib-definition"; name = libz.tbd; path = usr/lib/libz.tbd; sourceTree = SDKROOT; };
		C452D392964243A78A8E39E5 /* CDVWKWebViewEngine.m */ = {isa = PBXFileReference; explicitFileType = undefined; fileEncoding = 4; includeInIndex = 0; lastKnownFileType = sourcecode.c.objc; name = CDVWKWebViewEngine.m; path = "cordova-plugin-ionic-webview/CDVWKWebViewEngine.m"; sourceTree = "<group>"; };
		C7FDB51DBCDB42EA9EDC020F /* SM_AFSecurityPolicy.h */ = {isa = PBXFileReference; explicitFileType = undefined; fileEncoding = 4; includeInIndex = 0; lastKnownFileType = sourcecode.c.h; name = SM_AFSecurityPolicy.h; path = "cordova-plugin-advanced-http/SM_AFSecurityPolicy.h"; sourceTree = "<group>"; };
		C8527878385A45669BEEE8FF /* CDVWKWebViewUIDelegate.m */ = {isa = PBXFileReference; explicitFileType = undefined; fileEncoding = 4; includeInIndex = 0; lastKnownFileType = sourcecode.c.objc; name = CDVWKWebViewUIDelegate.m; path = "cordova-plugin-ionic-webview/CDVWKWebViewUIDelegate.m"; sourceTree = "<group>"; };
		C9AE1A6864D14825A87D7A40 /* BinaryResponseSerializer.m */ = {isa = PBXFileReference; explicitFileType = undefined; fileEncoding = 4; includeInIndex = 0; lastKnownFileType = sourcecode.c.objc; name = BinaryResponseSerializer.m; path = "cordova-plugin-advanced-http/BinaryResponseSerializer.m"; sourceTree = "<group>"; };
		CFCB5EDCD9223C15754DE938 /* Pods-FLUNAH.debug.xcconfig */ = {isa = PBXFileReference; includeInIndex = 1; lastKnownFileType = text.xcconfig; name = "Pods-FLUNAH.debug.xcconfig"; path = "Target Support Files/Pods-FLUNAH/Pods-FLUNAH.debug.xcconfig"; sourceTree = "<group>"; };
		D0EBE9CA9A4D45EE8C2E63BD /* SDNetworkActivityIndicator.m */ = {isa = PBXFileReference; explicitFileType = undefined; fileEncoding = 4; includeInIndex = 0; lastKnownFileType = sourcecode.c.objc; name = SDNetworkActivityIndicator.m; path = "cordova-plugin-advanced-http/SDNetworkActivityIndicator.m"; sourceTree = "<group>"; };
		D1466890BF47479780BB2ADC /* CDVFile.m */ = {isa = PBXFileReference; explicitFileType = undefined; fileEncoding = 4; includeInIndex = 0; lastKnownFileType = sourcecode.c.objc; name = CDVFile.m; path = "cordova-plugin-file/CDVFile.m"; sourceTree = "<group>"; };
		D3037BD5B15F4161A0574017 /* SafariServices.framework */ = {isa = PBXFileReference; explicitFileType = undefined; fileEncoding = undefined; includeInIndex = 0; lastKnownFileType = wrapper.framework; name = SafariServices.framework; path = System/Library/Frameworks/SafariServices.framework; sourceTree = SDKROOT; };
		D430D1F7B73E4D989DEF2688 /* CDVDevice.m */ = {isa = PBXFileReference; explicitFileType = undefined; fileEncoding = 4; includeInIndex = 0; lastKnownFileType = sourcecode.c.objc; name = CDVDevice.m; path = "cordova-plugin-device/CDVDevice.m"; sourceTree = "<group>"; };
		D5C76BA4E6F84DB8AC5E493E /* CDVWKProcessPoolFactory.h */ = {isa = PBXFileReference; explicitFileType = undefined; fileEncoding = 4; includeInIndex = 0; lastKnownFileType = sourcecode.c.h; name = CDVWKProcessPoolFactory.h; path = "cordova-plugin-ionic-webview/CDVWKProcessPoolFactory.h"; sourceTree = "<group>"; };
		D6B1C4CC901047E0B6D034EA /* SM_AFURLSessionManager.m */ = {isa = PBXFileReference; explicitFileType = undefined; fileEncoding = 4; includeInIndex = 0; lastKnownFileType = sourcecode.c.objc; name = SM_AFURLSessionManager.m; path = "cordova-plugin-advanced-http/SM_AFURLSessionManager.m"; sourceTree = "<group>"; };
		D985DAED05E64E99A1D9A820 /* NativeGeocoder.swift */ = {isa = PBXFileReference; explicitFileType = undefined; fileEncoding = 4; includeInIndex = 0; lastKnownFileType = sourcecode.swift; name = NativeGeocoder.swift; path = "cordova-plugin-nativegeocoder/NativeGeocoder.swift"; sourceTree = "<group>"; };
		DA533D8D0CAE4AA9BC142722 /* GooglePlus.h */ = {isa = PBXFileReference; explicitFileType = undefined; fileEncoding = 4; includeInIndex = 0; lastKnownFileType = sourcecode.c.h; name = GooglePlus.h; path = "cordova-plugin-googleplus/GooglePlus.h"; sourceTree = "<group>"; };
		DB3352E08C584F8CBB37FC1D /* SM_AFURLSessionManager.h */ = {isa = PBXFileReference; explicitFileType = undefined; fileEncoding = 4; includeInIndex = 0; lastKnownFileType = sourcecode.c.h; name = SM_AFURLSessionManager.h; path = "cordova-plugin-advanced-http/SM_AFURLSessionManager.h"; sourceTree = "<group>"; };
		DB883C35178D4CB18432186D /* CDVIonicKeyboard.h */ = {isa = PBXFileReference; explicitFileType = undefined; fileEncoding = 4; includeInIndex = 0; lastKnownFileType = sourcecode.c.h; name = CDVIonicKeyboard.h; path = "cordova-plugin-ionic-keyboard/CDVIonicKeyboard.h"; sourceTree = "<group>"; };
		DC30179F13824016A003486E /* NSString+SSURLEncoding.h */ = {isa = PBXFileReference; explicitFileType = undefined; fileEncoding = 4; includeInIndex = 0; lastKnownFileType = sourcecode.c.h; name = "NSString+SSURLEncoding.h"; path = "cordova-plugin-x-socialsharing/NSString+SSURLEncoding.h"; sourceTree = "<group>"; };
		DE8A9710067B442BAFB2FFFD /* APPEmailComposer.h */ = {isa = PBXFileReference; explicitFileType = undefined; fileEncoding = 4; includeInIndex = 0; lastKnownFileType = sourcecode.c.h; name = APPEmailComposer.h; path = "cordova-plugin-email-composer/APPEmailComposer.h"; sourceTree = "<group>"; };
		DF0DEBA3442C494B9662DC97 /* CDVFile.h */ = {isa = PBXFileReference; explicitFileType = undefined; fileEncoding = 4; includeInIndex = 0; lastKnownFileType = sourcecode.c.h; name = CDVFile.h; path = "cordova-plugin-file/CDVFile.h"; sourceTree = "<group>"; };
		E6031EE424CC478A9421B286 /* SM_AFURLResponseSerialization.h */ = {isa = PBXFileReference; explicitFileType = undefined; fileEncoding = 4; includeInIndex = 0; lastKnownFileType = sourcecode.c.h; name = SM_AFURLResponseSerialization.h; path = "cordova-plugin-advanced-http/SM_AFURLResponseSerialization.h"; sourceTree = "<group>"; };
		EB87FDF31871DA8E0020F90C /* www */ = {isa = PBXFileReference; lastKnownFileType = folder; name = www; path = ../../www; sourceTree = "<group>"; };
		EB87FDF41871DAF40020F90C /* config.xml */ = {isa = PBXFileReference; lastKnownFileType = text.xml; name = config.xml; path = ../../config.xml; sourceTree = "<group>"; };
		ED33DF2A687741AEAF9F8254 /* Bridging-Header.h */ = {isa = PBXFileReference; fileEncoding = 4; lastKnownFileType = sourcecode.c.h; path = "Bridging-Header.h"; sourceTree = "<group>"; };
		ED3F3B9C81DF44DBB96491B8 /* CDVLocation.m */ = {isa = PBXFileReference; explicitFileType = undefined; fileEncoding = 4; includeInIndex = 0; lastKnownFileType = sourcecode.c.objc; name = CDVLocation.m; path = "cordova-plugin-geolocation/CDVLocation.m"; sourceTree = "<group>"; };
		EECB46EE84DE4C2D86103BF5 /* libz.dylib */ = {isa = PBXFileReference; explicitFileType = undefined; fileEncoding = undefined; includeInIndex = 0; lastKnownFileType = "compiled.mach-o.dylib"; name = libz.dylib; path = usr/lib/libz.dylib; sourceTree = SDKROOT; };
		EF648AE20A8546958670994C /* StoreKit.framework */ = {isa = PBXFileReference; explicitFileType = undefined; fileEncoding = undefined; includeInIndex = 0; lastKnownFileType = wrapper.framework; name = StoreKit.framework; path = System/Library/Frameworks/StoreKit.framework; sourceTree = SDKROOT; };
		F39BD1586B7E472591C7AA30 /* APPEmailComposer.m */ = {isa = PBXFileReference; explicitFileType = undefined; fileEncoding = 4; includeInIndex = 0; lastKnownFileType = sourcecode.c.objc; name = APPEmailComposer.m; path = "cordova-plugin-email-composer/APPEmailComposer.m"; sourceTree = "<group>"; };
		F44F3D0FA3964C9CB275C98D /* SM_AFSecurityPolicy.m */ = {isa = PBXFileReference; explicitFileType = undefined; fileEncoding = 4; includeInIndex = 0; lastKnownFileType = sourcecode.c.objc; name = SM_AFSecurityPolicy.m; path = "cordova-plugin-advanced-http/SM_AFSecurityPolicy.m"; sourceTree = "<group>"; };
		F5D4E5C863D14B719C0C6DD2 /* SM_AFURLRequestSerialization.m */ = {isa = PBXFileReference; explicitFileType = undefined; fileEncoding = 4; includeInIndex = 0; lastKnownFileType = sourcecode.c.objc; name = SM_AFURLRequestSerialization.m; path = "cordova-plugin-advanced-http/SM_AFURLRequestSerialization.m"; sourceTree = "<group>"; };
		F7A583D3F1DB47FF881F433C /* Security.framework */ = {isa = PBXFileReference; explicitFileType = undefined; fileEncoding = undefined; includeInIndex = 0; lastKnownFileType = wrapper.framework; name = Security.framework; path = System/Library/Frameworks/Security.framework; sourceTree = SDKROOT; };
		F82B33DAB53344F78272E6B4 /* SM_AFURLResponseSerialization.m */ = {isa = PBXFileReference; explicitFileType = undefined; fileEncoding = 4; includeInIndex = 0; lastKnownFileType = sourcecode.c.objc; name = SM_AFURLResponseSerialization.m; path = "cordova-plugin-advanced-http/SM_AFURLResponseSerialization.m"; sourceTree = "<group>"; };
		F840E1F0165FE0F500CFE078 /* config.xml */ = {isa = PBXFileReference; lastKnownFileType = text.xml; name = config.xml; path = FLUNAH/config.xml; sourceTree = "<group>"; };
		F8AF2117004E4CE6A5A298B0 /* CDVWKWebViewEngine.h */ = {isa = PBXFileReference; explicitFileType = undefined; fileEncoding = 4; includeInIndex = 0; lastKnownFileType = sourcecode.c.h; name = CDVWKWebViewEngine.h; path = "cordova-plugin-ionic-webview/CDVWKWebViewEngine.h"; sourceTree = "<group>"; };
		F96396E2CAE4435C8610C975 /* Social.framework */ = {isa = PBXFileReference; explicitFileType = undefined; fileEncoding = undefined; includeInIndex = 0; lastKnownFileType = wrapper.framework; name = Social.framework; path = System/Library/Frameworks/Social.framework; sourceTree = SDKROOT; };
		FB4FC583E7FA44FCAA1F9E71 /* SM_AFNetworking.h */ = {isa = PBXFileReference; explicitFileType = undefined; fileEncoding = 4; includeInIndex = 0; lastKnownFileType = sourcecode.c.h; name = SM_AFNetworking.h; path = "cordova-plugin-advanced-http/SM_AFNetworking.h"; sourceTree = "<group>"; };
		FC10E457F5D34896B1CF2275 /* TextRequestSerializer.m */ = {isa = PBXFileReference; explicitFileType = undefined; fileEncoding = 4; includeInIndex = 0; lastKnownFileType = sourcecode.c.objc; name = TextRequestSerializer.m; path = "cordova-plugin-advanced-http/TextRequestSerializer.m"; sourceTree = "<group>"; };
		FF420D6EDC92487FB4F6EEFE /* CDVNotification.bundle */ = {isa = PBXFileReference; explicitFileType = undefined; fileEncoding = undefined; includeInIndex = 0; lastKnownFileType = "wrapper.plug-in"; name = CDVNotification.bundle; path = CDVNotification.bundle; sourceTree = "<group>"; };
		5FF1F0B45BFC4F25B90752C4 /* CDVStatusBar.m */ = {isa = PBXFileReference; name = "CDVStatusBar.m"; path = "cordova-plugin-statusbar/CDVStatusBar.m"; sourceTree = "<group>"; fileEncoding = 4; lastKnownFileType = sourcecode.c.objc; explicitFileType = undefined; includeInIndex = 0; };
		16F87EC5FCE74C58B6CF076B /* CDVStatusBar.h */ = {isa = PBXFileReference; name = "CDVStatusBar.h"; path = "cordova-plugin-statusbar/CDVStatusBar.h"; sourceTree = "<group>"; fileEncoding = 4; lastKnownFileType = sourcecode.c.h; explicitFileType = undefined; includeInIndex = 0; };
		29FC64D1E5284E12B59B0B9C /* CDVInAppBrowserOptions.m */ = {isa = PBXFileReference; name = "CDVInAppBrowserOptions.m"; path = "cordova-plugin-inappbrowser/CDVInAppBrowserOptions.m"; sourceTree = "<group>"; fileEncoding = 4; lastKnownFileType = sourcecode.c.objc; explicitFileType = undefined; includeInIndex = 0; };
		8E1A84D77AB34E1FAFA7A100 /* CDVInAppBrowserNavigationController.m */ = {isa = PBXFileReference; name = "CDVInAppBrowserNavigationController.m"; path = "cordova-plugin-inappbrowser/CDVInAppBrowserNavigationController.m"; sourceTree = "<group>"; fileEncoding = 4; lastKnownFileType = sourcecode.c.objc; explicitFileType = undefined; includeInIndex = 0; };
		4AA4BA65782049CCAC53AB83 /* CDVWKInAppBrowser.m */ = {isa = PBXFileReference; name = "CDVWKInAppBrowser.m"; path = "cordova-plugin-inappbrowser/CDVWKInAppBrowser.m"; sourceTree = "<group>"; fileEncoding = 4; lastKnownFileType = sourcecode.c.objc; explicitFileType = undefined; includeInIndex = 0; };
		FD03C096095E4C37B5383DA6 /* CDVWKInAppBrowserUIDelegate.m */ = {isa = PBXFileReference; name = "CDVWKInAppBrowserUIDelegate.m"; path = "cordova-plugin-inappbrowser/CDVWKInAppBrowserUIDelegate.m"; sourceTree = "<group>"; fileEncoding = 4; lastKnownFileType = sourcecode.c.objc; explicitFileType = undefined; includeInIndex = 0; };
		E6553EF7FAB14C2C8B20FEEF /* CDVInAppBrowserOptions.h */ = {isa = PBXFileReference; name = "CDVInAppBrowserOptions.h"; path = "cordova-plugin-inappbrowser/CDVInAppBrowserOptions.h"; sourceTree = "<group>"; fileEncoding = 4; lastKnownFileType = sourcecode.c.h; explicitFileType = undefined; includeInIndex = 0; };
		488B344BADB0429BA3301388 /* CDVInAppBrowserNavigationController.h */ = {isa = PBXFileReference; name = "CDVInAppBrowserNavigationController.h"; path = "cordova-plugin-inappbrowser/CDVInAppBrowserNavigationController.h"; sourceTree = "<group>"; fileEncoding = 4; lastKnownFileType = sourcecode.c.h; explicitFileType = undefined; includeInIndex = 0; };
		AE954A4928D64A82A197513F /* CDVWKInAppBrowser.h */ = {isa = PBXFileReference; name = "CDVWKInAppBrowser.h"; path = "cordova-plugin-inappbrowser/CDVWKInAppBrowser.h"; sourceTree = "<group>"; fileEncoding = 4; lastKnownFileType = sourcecode.c.h; explicitFileType = undefined; includeInIndex = 0; };
		6C829BF11C9748B6A3A3C3CB /* CDVWKInAppBrowserUIDelegate.h */ = {isa = PBXFileReference; name = "CDVWKInAppBrowserUIDelegate.h"; path = "cordova-plugin-inappbrowser/CDVWKInAppBrowserUIDelegate.h"; sourceTree = "<group>"; fileEncoding = 4; lastKnownFileType = sourcecode.c.h; explicitFileType = undefined; includeInIndex = 0; };
		E57BCB411F2D4BFF81622184 /* SQLitePlugin.m */ = {isa = PBXFileReference; name = "SQLitePlugin.m"; path = "cordova-sqlite-storage/SQLitePlugin.m"; sourceTree = "<group>"; fileEncoding = 4; lastKnownFileType = sourcecode.c.objc; explicitFileType = undefined; includeInIndex = 0; };
		5039E2BF3D8243BBBD1CC89B /* CustomPSPDFThreadSafeMutableDictionary.m */ = {isa = PBXFileReference; name = "CustomPSPDFThreadSafeMutableDictionary.m"; path = "cordova-sqlite-storage/CustomPSPDFThreadSafeMutableDictionary.m"; sourceTree = "<group>"; fileEncoding = 4; lastKnownFileType = sourcecode.c.objc; explicitFileType = undefined; includeInIndex = 0; };
		3610297F527C45AB88ED20FA /* sqlite3.c */ = {isa = PBXFileReference; name = "sqlite3.c"; path = "cordova-sqlite-storage/sqlite3.c"; sourceTree = "<group>"; fileEncoding = undefined; lastKnownFileType = unknown; explicitFileType = undefined; includeInIndex = 0; };
		1792082D061740E4B30B3CBF /* SQLitePlugin.h */ = {isa = PBXFileReference; name = "SQLitePlugin.h"; path = "cordova-sqlite-storage/SQLitePlugin.h"; sourceTree = "<group>"; fileEncoding = 4; lastKnownFileType = sourcecode.c.h; explicitFileType = undefined; includeInIndex = 0; };
		608F822992914508BEE9902D /* sqlite3.h */ = {isa = PBXFileReference; name = "sqlite3.h"; path = "cordova-sqlite-storage/sqlite3.h"; sourceTree = "<group>"; fileEncoding = 4; lastKnownFileType = sourcecode.c.h; explicitFileType = undefined; includeInIndex = 0; };
		FAC8279E8EB34F49A1559D2C /* CDVFileTransfer.m */ = {isa = PBXFileReference; name = "CDVFileTransfer.m"; path = "cordova-plugin-file-transfer/CDVFileTransfer.m"; sourceTree = "<group>"; fileEncoding = 4; lastKnownFileType = sourcecode.c.objc; explicitFileType = undefined; includeInIndex = 0; };
		E626520D85344B4BA9D03CFB /* CDVFileTransfer.h */ = {isa = PBXFileReference; name = "CDVFileTransfer.h"; path = "cordova-plugin-file-transfer/CDVFileTransfer.h"; sourceTree = "<group>"; fileEncoding = 4; lastKnownFileType = sourcecode.c.h; explicitFileType = undefined; includeInIndex = 0; };
		4B478277C5B643C690C86D4D /* SOSPicker.m */ = {isa = PBXFileReference; name = "SOSPicker.m"; path = "cordova-plugin-telerik-imagepicker/SOSPicker.m"; sourceTree = "<group>"; fileEncoding = 4; lastKnownFileType = sourcecode.c.objc; explicitFileType = undefined; includeInIndex = 0; };
		5579318A886A4C5DB10B9488 /* FeHourGlass.m */ = {isa = PBXFileReference; name = "FeHourGlass.m"; path = "cordova-plugin-telerik-imagepicker/FeHourGlass.m"; sourceTree = "<group>"; fileEncoding = 4; lastKnownFileType = sourcecode.c.objc; explicitFileType = undefined; includeInIndex = 0; };
		5E6D072315DB409D8BA11B7B /* UIImage+fixOrientation.m */ = {isa = PBXFileReference; name = "UIImage+fixOrientation.m"; path = "cordova-plugin-telerik-imagepicker/UIImage+fixOrientation.m"; sourceTree = "<group>"; fileEncoding = 4; lastKnownFileType = sourcecode.c.objc; explicitFileType = undefined; includeInIndex = 0; };
		CCF6820DD0B646658E2A4E83 /* GMAlbumsViewCell.m */ = {isa = PBXFileReference; name = "GMAlbumsViewCell.m"; path = "cordova-plugin-telerik-imagepicker/GMAlbumsViewCell.m"; sourceTree = "<group>"; fileEncoding = 4; lastKnownFileType = sourcecode.c.objc; explicitFileType = undefined; includeInIndex = 0; };
		3323BFA9FB524C9B91BE1E6E /* GMAlbumsViewController.m */ = {isa = PBXFileReference; name = "GMAlbumsViewController.m"; path = "cordova-plugin-telerik-imagepicker/GMAlbumsViewController.m"; sourceTree = "<group>"; fileEncoding = 4; lastKnownFileType = sourcecode.c.objc; explicitFileType = undefined; includeInIndex = 0; };
		7D1B20BCDFBC4F6BB682AFB2 /* GMFetchItem.m */ = {isa = PBXFileReference; name = "GMFetchItem.m"; path = "cordova-plugin-telerik-imagepicker/GMFetchItem.m"; sourceTree = "<group>"; fileEncoding = 4; lastKnownFileType = sourcecode.c.objc; explicitFileType = undefined; includeInIndex = 0; };
		A235C4EA706B42FD87F3050B /* GMGridViewCell.m */ = {isa = PBXFileReference; name = "GMGridViewCell.m"; path = "cordova-plugin-telerik-imagepicker/GMGridViewCell.m"; sourceTree = "<group>"; fileEncoding = 4; lastKnownFileType = sourcecode.c.objc; explicitFileType = undefined; includeInIndex = 0; };
		79F58944DC24442A8804A12D /* GMGridViewController.m */ = {isa = PBXFileReference; name = "GMGridViewController.m"; path = "cordova-plugin-telerik-imagepicker/GMGridViewController.m"; sourceTree = "<group>"; fileEncoding = 4; lastKnownFileType = sourcecode.c.objc; explicitFileType = undefined; includeInIndex = 0; };
		A58AF7ACE11045D79B612ABB /* GMImagePickerController.m */ = {isa = PBXFileReference; name = "GMImagePickerController.m"; path = "cordova-plugin-telerik-imagepicker/GMImagePickerController.m"; sourceTree = "<group>"; fileEncoding = 4; lastKnownFileType = sourcecode.c.objc; explicitFileType = undefined; includeInIndex = 0; };
		15534706E5FE4653AD1454E0 /* PSYBlockTimer.m */ = {isa = PBXFileReference; name = "PSYBlockTimer.m"; path = "cordova-plugin-telerik-imagepicker/PSYBlockTimer.m"; sourceTree = "<group>"; fileEncoding = 4; lastKnownFileType = sourcecode.c.objc; explicitFileType = undefined; includeInIndex = 0; };
		688CC1682C924A038E43EA33 /* GMPHAsset.m */ = {isa = PBXFileReference; name = "GMPHAsset.m"; path = "cordova-plugin-telerik-imagepicker/GMPHAsset.m"; sourceTree = "<group>"; fileEncoding = 4; lastKnownFileType = sourcecode.c.objc; explicitFileType = undefined; includeInIndex = 0; };
		89A31984484240B59F716373 /* SOSPicker.h */ = {isa = PBXFileReference; name = "SOSPicker.h"; path = "cordova-plugin-telerik-imagepicker/SOSPicker.h"; sourceTree = "<group>"; fileEncoding = 4; lastKnownFileType = sourcecode.c.h; explicitFileType = undefined; includeInIndex = 0; };
		A0655BAAD0E9414F8690A9B1 /* FeHourGlass.h */ = {isa = PBXFileReference; name = "FeHourGlass.h"; path = "cordova-plugin-telerik-imagepicker/FeHourGlass.h"; sourceTree = "<group>"; fileEncoding = 4; lastKnownFileType = sourcecode.c.h; explicitFileType = undefined; includeInIndex = 0; };
		13C198DFAFAB4227B7CBC095 /* UIImage+fixOrientation.h */ = {isa = PBXFileReference; name = "UIImage+fixOrientation.h"; path = "cordova-plugin-telerik-imagepicker/UIImage+fixOrientation.h"; sourceTree = "<group>"; fileEncoding = 4; lastKnownFileType = sourcecode.c.h; explicitFileType = undefined; includeInIndex = 0; };
		913CB9DB561D45AA92A7C8C5 /* GMAlbumsViewCell.h */ = {isa = PBXFileReference; name = "GMAlbumsViewCell.h"; path = "cordova-plugin-telerik-imagepicker/GMAlbumsViewCell.h"; sourceTree = "<group>"; fileEncoding = 4; lastKnownFileType = sourcecode.c.h; explicitFileType = undefined; includeInIndex = 0; };
		2FD6E8F5CD0E487FB4FE2186 /* GMAlbumsViewController.h */ = {isa = PBXFileReference; name = "GMAlbumsViewController.h"; path = "cordova-plugin-telerik-imagepicker/GMAlbumsViewController.h"; sourceTree = "<group>"; fileEncoding = 4; lastKnownFileType = sourcecode.c.h; explicitFileType = undefined; includeInIndex = 0; };
		03D9B72DA74A4B9E9628169F /* GMFetchItem.h */ = {isa = PBXFileReference; name = "GMFetchItem.h"; path = "cordova-plugin-telerik-imagepicker/GMFetchItem.h"; sourceTree = "<group>"; fileEncoding = 4; lastKnownFileType = sourcecode.c.h; explicitFileType = undefined; includeInIndex = 0; };
		508AEEC31F434C7ABE055758 /* GMGridViewCell.h */ = {isa = PBXFileReference; name = "GMGridViewCell.h"; path = "cordova-plugin-telerik-imagepicker/GMGridViewCell.h"; sourceTree = "<group>"; fileEncoding = 4; lastKnownFileType = sourcecode.c.h; explicitFileType = undefined; includeInIndex = 0; };
		1AE8CDDD89824A7DBDD96AED /* GMGridViewController.h */ = {isa = PBXFileReference; name = "GMGridViewController.h"; path = "cordova-plugin-telerik-imagepicker/GMGridViewController.h"; sourceTree = "<group>"; fileEncoding = 4; lastKnownFileType = sourcecode.c.h; explicitFileType = undefined; includeInIndex = 0; };
		B39BBA10FDFB45EDA700B8B4 /* GMImagePickerController.h */ = {isa = PBXFileReference; name = "GMImagePickerController.h"; path = "cordova-plugin-telerik-imagepicker/GMImagePickerController.h"; sourceTree = "<group>"; fileEncoding = 4; lastKnownFileType = sourcecode.c.h; explicitFileType = undefined; includeInIndex = 0; };
		258742EDB77E4103B164CDDA /* PSYBlockTimer.h */ = {isa = PBXFileReference; name = "PSYBlockTimer.h"; path = "cordova-plugin-telerik-imagepicker/PSYBlockTimer.h"; sourceTree = "<group>"; fileEncoding = 4; lastKnownFileType = sourcecode.c.h; explicitFileType = undefined; includeInIndex = 0; };
		9C5D6724AB344490B6BAB4D1 /* GMPHAsset.h */ = {isa = PBXFileReference; name = "GMPHAsset.h"; path = "cordova-plugin-telerik-imagepicker/GMPHAsset.h"; sourceTree = "<group>"; fileEncoding = 4; lastKnownFileType = sourcecode.c.h; explicitFileType = undefined; includeInIndex = 0; };
		A4450ABF9E1348248C496D44 /* GMEmptyFolder@1x.png */ = {isa = PBXFileReference; name = "GMEmptyFolder@1x.png"; path = "GMEmptyFolder@1x.png"; sourceTree = "<group>"; fileEncoding = undefined; lastKnownFileType = unknown; explicitFileType = undefined; includeInIndex = 0; };
		0C23ADC55FD44586B3AF8195 /* GMEmptyFolder@2x.png */ = {isa = PBXFileReference; name = "GMEmptyFolder@2x.png"; path = "GMEmptyFolder@2x.png"; sourceTree = "<group>"; fileEncoding = undefined; lastKnownFileType = unknown; explicitFileType = undefined; includeInIndex = 0; };
		D51D74D52FB94C55AE106165 /* GMSelected.png */ = {isa = PBXFileReference; name = "GMSelected.png"; path = "GMSelected.png"; sourceTree = "<group>"; fileEncoding = undefined; lastKnownFileType = unknown; explicitFileType = undefined; includeInIndex = 0; };
		DBF1ECF9445B481781C3CA84 /* GMSelected@2x.png */ = {isa = PBXFileReference; name = "GMSelected@2x.png"; path = "GMSelected@2x.png"; sourceTree = "<group>"; fileEncoding = undefined; lastKnownFileType = unknown; explicitFileType = undefined; includeInIndex = 0; };
		1831661097EB487FAA2C7408 /* GMVideoIcon.png */ = {isa = PBXFileReference; name = "GMVideoIcon.png"; path = "GMVideoIcon.png"; sourceTree = "<group>"; fileEncoding = undefined; lastKnownFileType = unknown; explicitFileType = undefined; includeInIndex = 0; };
		07F959229A4342569086B469 /* GMVideoIcon@2x.png */ = {isa = PBXFileReference; name = "GMVideoIcon@2x.png"; path = "GMVideoIcon@2x.png"; sourceTree = "<group>"; fileEncoding = undefined; lastKnownFileType = unknown; explicitFileType = undefined; includeInIndex = 0; };
		6396B91589394F1C993614F5 /* ca.lproj */ = {isa = PBXFileReference; name = "ca.lproj"; path = "ca.lproj"; sourceTree = "<group>"; fileEncoding = undefined; lastKnownFileType = unknown; explicitFileType = undefined; includeInIndex = 0; };
		2C8F916E6F524F7A9273CDF4 /* de.lproj */ = {isa = PBXFileReference; name = "de.lproj"; path = "de.lproj"; sourceTree = "<group>"; fileEncoding = undefined; lastKnownFileType = unknown; explicitFileType = undefined; includeInIndex = 0; };
		86C25AE9F320400E8D5CF65C /* en.lproj */ = {isa = PBXFileReference; name = "en.lproj"; path = "en.lproj"; sourceTree = "<group>"; fileEncoding = undefined; lastKnownFileType = unknown; explicitFileType = undefined; includeInIndex = 0; };
		DBB4B0E67ADB4139A3BCDA50 /* es.lproj */ = {isa = PBXFileReference; name = "es.lproj"; path = "es.lproj"; sourceTree = "<group>"; fileEncoding = undefined; lastKnownFileType = unknown; explicitFileType = undefined; includeInIndex = 0; };
		0EB1FFECD1EF4752BFF3B796 /* fr.lproj */ = {isa = PBXFileReference; name = "fr.lproj"; path = "fr.lproj"; sourceTree = "<group>"; fileEncoding = undefined; lastKnownFileType = unknown; explicitFileType = undefined; includeInIndex = 0; };
		85792FB64DD648479D50D8D4 /* it.lproj */ = {isa = PBXFileReference; name = "it.lproj"; path = "it.lproj"; sourceTree = "<group>"; fileEncoding = undefined; lastKnownFileType = unknown; explicitFileType = undefined; includeInIndex = 0; };
		9984EE9CEA6540C894E2466D /* pt.lproj */ = {isa = PBXFileReference; name = "pt.lproj"; path = "pt.lproj"; sourceTree = "<group>"; fileEncoding = undefined; lastKnownFileType = unknown; explicitFileType = undefined; includeInIndex = 0; };
		431D1FF767694654A2972A44 /* pl.lproj */ = {isa = PBXFileReference; name = "pl.lproj"; path = "pl.lproj"; sourceTree = "<group>"; fileEncoding = undefined; lastKnownFileType = unknown; explicitFileType = undefined; includeInIndex = 0; };
		7B56A18840044ED792A453B7 /* zh-Hans.lproj */ = {isa = PBXFileReference; name = "zh-Hans.lproj"; path = "zh-Hans.lproj"; sourceTree = "<group>"; fileEncoding = undefined; lastKnownFileType = unknown; explicitFileType = undefined; includeInIndex = 0; };
		7A31ADD6207B4311A649B523 /* Accelerate.framework */ = {isa = PBXFileReference; name = "Accelerate.framework"; path = "System/Library/Frameworks/Accelerate.framework"; sourceTree = SDKROOT; fileEncoding = undefined; lastKnownFileType = wrapper.framework; explicitFileType = undefined; includeInIndex = 0; };
		D3A91DC554E74D0797EB4675 /* Photos.framework */ = {isa = PBXFileReference; name = "Photos.framework"; path = "System/Library/Frameworks/Photos.framework"; sourceTree = SDKROOT; fileEncoding = undefined; lastKnownFileType = wrapper.framework; explicitFileType = undefined; includeInIndex = 0; };
		3CE794030D764AC796DA61DA /* QuartzCore.framework */ = {isa = PBXFileReference; name = "QuartzCore.framework"; path = "System/Library/Frameworks/QuartzCore.framework"; sourceTree = SDKROOT; fileEncoding = undefined; lastKnownFileType = wrapper.framework; explicitFileType = undefined; includeInIndex = 0; };
		5190150484594E4297F48E58 /* CTCrop.m */ = {isa = PBXFileReference; name = "CTCrop.m"; path = "cordova-plugin-crop/CTCrop.m"; sourceTree = "<group>"; fileEncoding = 4; lastKnownFileType = sourcecode.c.objc; explicitFileType = undefined; includeInIndex = 0; };
		9840B04F85D34A3DA855009D /* PECropRectView.m */ = {isa = PBXFileReference; name = "PECropRectView.m"; path = "cordova-plugin-crop/PECropRectView.m"; sourceTree = "<group>"; fileEncoding = 4; lastKnownFileType = sourcecode.c.objc; explicitFileType = undefined; includeInIndex = 0; };
		F14F1F002E52486DBE40D912 /* PECropView.m */ = {isa = PBXFileReference; name = "PECropView.m"; path = "cordova-plugin-crop/PECropView.m"; sourceTree = "<group>"; fileEncoding = 4; lastKnownFileType = sourcecode.c.objc; explicitFileType = undefined; includeInIndex = 0; };
		89295E3F5D1D435393F216B7 /* PECropViewController.m */ = {isa = PBXFileReference; name = "PECropViewController.m"; path = "cordova-plugin-crop/PECropViewController.m"; sourceTree = "<group>"; fileEncoding = 4; lastKnownFileType = sourcecode.c.objc; explicitFileType = undefined; includeInIndex = 0; };
		FF28D08FFAFB447EAE25A6E9 /* PEResizeControl.m */ = {isa = PBXFileReference; name = "PEResizeControl.m"; path = "cordova-plugin-crop/PEResizeControl.m"; sourceTree = "<group>"; fileEncoding = 4; lastKnownFileType = sourcecode.c.objc; explicitFileType = undefined; includeInIndex = 0; };
		09D65D053C1541ECB94CA9D2 /* UIImage+PECrop.m */ = {isa = PBXFileReference; name = "UIImage+PECrop.m"; path = "cordova-plugin-crop/UIImage+PECrop.m"; sourceTree = "<group>"; fileEncoding = 4; lastKnownFileType = sourcecode.c.objc; explicitFileType = undefined; includeInIndex = 0; };
		FF9890D9B86D40A5B2810A35 /* CTCrop.h */ = {isa = PBXFileReference; name = "CTCrop.h"; path = "cordova-plugin-crop/CTCrop.h"; sourceTree = "<group>"; fileEncoding = 4; lastKnownFileType = sourcecode.c.h; explicitFileType = undefined; includeInIndex = 0; };
		94CF4B7E26834D978FEF9FB1 /* PECropRectView.h */ = {isa = PBXFileReference; name = "PECropRectView.h"; path = "cordova-plugin-crop/PECropRectView.h"; sourceTree = "<group>"; fileEncoding = 4; lastKnownFileType = sourcecode.c.h; explicitFileType = undefined; includeInIndex = 0; };
		686AAD7E751749E9B708157F /* PECropView.h */ = {isa = PBXFileReference; name = "PECropView.h"; path = "cordova-plugin-crop/PECropView.h"; sourceTree = "<group>"; fileEncoding = 4; lastKnownFileType = sourcecode.c.h; explicitFileType = undefined; includeInIndex = 0; };
		9A25A7A76ECD4CE4829AC836 /* PECropViewController.h */ = {isa = PBXFileReference; name = "PECropViewController.h"; path = "cordova-plugin-crop/PECropViewController.h"; sourceTree = "<group>"; fileEncoding = 4; lastKnownFileType = sourcecode.c.h; explicitFileType = undefined; includeInIndex = 0; };
		877DA75A75BA4ACC831C4D96 /* PEResizeControl.h */ = {isa = PBXFileReference; name = "PEResizeControl.h"; path = "cordova-plugin-crop/PEResizeControl.h"; sourceTree = "<group>"; fileEncoding = 4; lastKnownFileType = sourcecode.c.h; explicitFileType = undefined; includeInIndex = 0; };
		C4288C27224948E7A23AABBC /* UIImage+PECrop.h */ = {isa = PBXFileReference; name = "UIImage+PECrop.h"; path = "cordova-plugin-crop/UIImage+PECrop.h"; sourceTree = "<group>"; fileEncoding = 4; lastKnownFileType = sourcecode.c.h; explicitFileType = undefined; includeInIndex = 0; };
		B4117BAEEA664C0CA7F70747 /* PEPhotoCropEditor.bundle */ = {isa = PBXFileReference; name = "PEPhotoCropEditor.bundle"; path = "PEPhotoCropEditor.bundle"; sourceTree = "<group>"; fileEncoding = undefined; lastKnownFileType = wrapper.plug-in; explicitFileType = undefined; includeInIndex = 0; };
		AFFF578DB2134DA089FAFF9E /* AVFoundation.framework */ = {isa = PBXFileReference; name = "AVFoundation.framework"; path = "System/Library/Frameworks/AVFoundation.framework"; sourceTree = SDKROOT; fileEncoding = undefined; lastKnownFileType = wrapper.framework; explicitFileType = undefined; includeInIndex = 0; };
/* End PBXFileReference section */

/* Begin PBXFrameworksBuildPhase section */
		1D60588F0D05DD3D006BFB54 /* Frameworks */ = {
			isa = PBXFrameworksBuildPhase;
			buildActionMask = 2147483647;
			files = (
				301BF552109A68D80062928A /* libCordova.a in Frameworks */,
				214C816088F1DBB101DE46A2 /* Pods_FLUNAH.framework in Frameworks */,
				A9F8B635A9F04B08880B16C4 /* CoreLocation.framework in Frameworks */,
				247E02AB3F4F401D81EB9078 /* MessageUI.framework in Frameworks */,
				C23176A674A84FBC83CDB1D7 /* Social.framework in Frameworks */,
				382387FE0B83479E9CCCDDCE /* AudioToolbox.framework in Frameworks */,
				C817179D49CC45E8B57D4425 /* StoreKit.framework in Frameworks */,
				7070C08AA830469B8E7A9A19 /* WebKit.framework in Frameworks */,
				CF63EDDF5DBF4621A87FE4A4 /* Security.framework in Frameworks */,
				11EA14CED0534F4888BFECD1 /* SystemConfiguration.framework in Frameworks */,
				56A390FE1C704BFCBB469579 /* AddressBook.framework in Frameworks */,
				F724F97C407343EEBCBE106A /* CoreText.framework in Frameworks */,
				9BD24EDB92334E94A9B97A40 /* SafariServices.framework in Frameworks */,
				E01BEEA31C574187BA616BEF /* libz.tbd in Frameworks */,
				DC771CD487C44B208DEDE198 /* libz.dylib in Frameworks */,
				4D23851F30AA4B53AC4AC642 /* Accelerate.framework in Frameworks */,
				AE0DA458199541EB9AF26BF7 /* Photos.framework in Frameworks */,
				8B9595DBB7774270B111FCDD /* QuartzCore.framework in Frameworks */,
				FB1479D814C14579B522C9EA /* AVFoundation.framework in Frameworks */,
			);
			runOnlyForDeploymentPostprocessing = 0;
		};
/* End PBXFrameworksBuildPhase section */

/* Begin PBXGroup section */
		080E96DDFE201D6D7F000001 /* Classes */ = {
			isa = PBXGroup;
			children = (
				302D95EE14D2391D003F00A1 /* MainViewController.h */,
				302D95EF14D2391D003F00A1 /* MainViewController.m */,
				302D95F014D2391D003F00A1 /* MainViewController.xib */,
				1D3623240D0F684500981E51 /* AppDelegate.h */,
				1D3623250D0F684500981E51 /* AppDelegate.m */,
			);
			name = Classes;
			path = FLUNAH/Classes;
			sourceTree = SOURCE_ROOT;
		};
		19C28FACFE9D520D11CA2CBB /* Products */ = {
			isa = PBXGroup;
			children = (
				1D6058910D05DD3D006BFB54 /* FLUNAH.app */,
			);
			name = Products;
			sourceTree = "<group>";
		};
		2689BBD05E15E32D5A4E6479 /* Pods */ = {
			isa = PBXGroup;
			children = (
				CFCB5EDCD9223C15754DE938 /* Pods-FLUNAH.debug.xcconfig */,
				9B59F43631D6998566AE8C2C /* Pods-FLUNAH.release.xcconfig */,
			);
			name = Pods;
			path = Pods;
			sourceTree = "<group>";
		};
		29B97314FDCFA39411CA2CEA = {
			isa = PBXGroup;
			children = (
				EB87FDF41871DAF40020F90C /* config.xml */,
				EB87FDF31871DA8E0020F90C /* www */,
				EB87FDF11871DA420020F90C /* Staging */,
				301BF52D109A57CC0062928A /* CordovaLib.xcodeproj */,
				080E96DDFE201D6D7F000001 /* Classes */,
				307C750510C5A3420062BCA9 /* Plugins */,
				29B97315FDCFA39411CA2CEA /* Other Sources */,
				29B97317FDCFA39411CA2CEA /* Resources */,
				29B97323FDCFA39411CA2CEA /* Frameworks */,
				19C28FACFE9D520D11CA2CBB /* Products */,
				2689BBD05E15E32D5A4E6479 /* Pods */,
			);
			name = CustomTemplate;
			sourceTree = "<group>";
		};
		29B97315FDCFA39411CA2CEA /* Other Sources */ = {
			isa = PBXGroup;
			children = (
				32CA4F630368D1EE00C91783 /* FLUNAH-Prefix.pch */,
				29B97316FDCFA39411CA2CEA /* main.m */,
				ED33DF2A687741AEAF9F8254 /* Bridging-Header.h */,
			);
			name = "Other Sources";
			path = FLUNAH;
			sourceTree = "<group>";
		};
		29B97317FDCFA39411CA2CEA /* Resources */ = {
			isa = PBXGroup;
			children = (
				0207DA571B56EA530066E2B4 /* Images.xcassets */,
				3047A50E1AB8057F00498E2A /* config */,
				8D1107310486CEB800E47090 /* FLUNAH-Info.plist */,
				6AFF5BF81D6E424B00AB3073 /* CDVLaunchScreen.storyboard */,
				FF420D6EDC92487FB4F6EEFE /* CDVNotification.bundle */,
				A4450ABF9E1348248C496D44 /* GMEmptyFolder@1x.png */,
				0C23ADC55FD44586B3AF8195 /* GMEmptyFolder@2x.png */,
				D51D74D52FB94C55AE106165 /* GMSelected.png */,
				DBF1ECF9445B481781C3CA84 /* GMSelected@2x.png */,
				1831661097EB487FAA2C7408 /* GMVideoIcon.png */,
				07F959229A4342569086B469 /* GMVideoIcon@2x.png */,
				6396B91589394F1C993614F5 /* ca.lproj */,
				2C8F916E6F524F7A9273CDF4 /* de.lproj */,
				86C25AE9F320400E8D5CF65C /* en.lproj */,
				DBB4B0E67ADB4139A3BCDA50 /* es.lproj */,
				0EB1FFECD1EF4752BFF3B796 /* fr.lproj */,
				85792FB64DD648479D50D8D4 /* it.lproj */,
				9984EE9CEA6540C894E2466D /* pt.lproj */,
				431D1FF767694654A2972A44 /* pl.lproj */,
				7B56A18840044ED792A453B7 /* zh-Hans.lproj */,
				B4117BAEEA664C0CA7F70747 /* PEPhotoCropEditor.bundle */,
			);
			name = Resources;
			path = FLUNAH/Resources;
			sourceTree = "<group>";
		};
		29B97323FDCFA39411CA2CEA /* Frameworks */ = {
			isa = PBXGroup;
			children = (
				1FEE6ABA9A019D2ADB3FE2D1 /* Pods_FLUNAH.framework */,
				27D5B0D46AF4454691F56EA0 /* CoreLocation.framework */,
				66D3EF4EB5C14D22A5798301 /* MessageUI.framework */,
				F96396E2CAE4435C8610C975 /* Social.framework */,
				9CB49E4D6A9F4E0AAE095552 /* AudioToolbox.framework */,
				EF648AE20A8546958670994C /* StoreKit.framework */,
				AA4F30CB3828482A95FF7BB2 /* WebKit.framework */,
				F7A583D3F1DB47FF881F433C /* Security.framework */,
				C3E6A6E4060744D585BF1001 /* SystemConfiguration.framework */,
				5B2B9B21F92B407EBE303753 /* AddressBook.framework */,
				12AC3F9672A447C3A8295AB6 /* CoreText.framework */,
				D3037BD5B15F4161A0574017 /* SafariServices.framework */,
				C3FC6D4B6A8747668A916D1E /* libz.tbd */,
				EECB46EE84DE4C2D86103BF5 /* libz.dylib */,
				7A31ADD6207B4311A649B523 /* Accelerate.framework */,
				D3A91DC554E74D0797EB4675 /* Photos.framework */,
				3CE794030D764AC796DA61DA /* QuartzCore.framework */,
				AFFF578DB2134DA089FAFF9E /* AVFoundation.framework */,
			);
			name = Frameworks;
			sourceTree = "<group>";
		};
		301BF52E109A57CC0062928A /* Products */ = {
			isa = PBXGroup;
			children = (
				301BF535109A57CC0062928A /* libCordova.a */,
				907D8124214C687600058A10 /* Cordova.framework */,
			);
			name = Products;
			sourceTree = "<group>";
		};
		3047A50E1AB8057F00498E2A /* config */ = {
			isa = PBXGroup;
			children = (
				3047A50F1AB8059700498E2A /* build-debug.xcconfig */,
				3047A5101AB8059700498E2A /* build-release.xcconfig */,
				3047A5111AB8059700498E2A /* build.xcconfig */,
			);
			name = config;
			sourceTree = "<group>";
		};
		307C750510C5A3420062BCA9 /* Plugins */ = {
			isa = PBXGroup;
			children = (
				A288A729A25E4DBD87A5860F /* CDVIonicKeyboard.m */,
				DB883C35178D4CB18432186D /* CDVIonicKeyboard.h */,
				6DE56B5BC8B0486DB2B70359 /* NativeStorage.m */,
				1125B8AFC68D48BFBA465E77 /* NativeStorage.h */,
				744EBEAC7D654C939D1401C0 /* FacebookConnectPlugin.m */,
				862A21CAA9E74316BF3868C3 /* FacebookConnectPlugin.h */,
				ED3F3B9C81DF44DBB96491B8 /* CDVLocation.m */,
				004AC1A71B08482286A0F231 /* CDVLocation.h */,
				702038E52AF04F288EED5E29 /* RequestLocationAccuracy.m */,
				0B6C3C7000844B36AFF2B2E4 /* RequestLocationAccuracy.h */,
				D985DAED05E64E99A1D9A820 /* NativeGeocoder.swift */,
				119DA2F245764D358E9435A8 /* NativeGeocoder-Bridging-Header.h */,
				F39BD1586B7E472591C7AA30 /* APPEmailComposer.m */,
				5E2227CF53844E5886AB930B /* APPEmailComposerImpl.m */,
				DE8A9710067B442BAFB2FFFD /* APPEmailComposer.h */,
				3B80723265014768A335037D /* APPEmailComposerImpl.h */,
				7718121F34F747E78C410401 /* NSString+SSURLEncoding.m */,
				35C6925D856C4590830C5C9E /* SocialSharing.m */,
				DC30179F13824016A003486E /* NSString+SSURLEncoding.h */,
				88E7FFE6005E4EBAAF6528B1 /* SocialSharing.h */,
				89FC30C4C2ED4A34A556CB36 /* CDVNotification.m */,
				92F8B161E0334059AB4DEAD3 /* CDVNotification.h */,
				46EDE5B9CF7F4586B423A5E2 /* CDVAppRate.m */,
				18FF5A0749814FD0A12E233F /* CDVAppRate.h */,
				D430D1F7B73E4D989DEF2688 /* CDVDevice.m */,
				497D2D945583492DA3F9F2AB /* CDVDevice.h */,
				C452D392964243A78A8E39E5 /* CDVWKWebViewEngine.m */,
				C8527878385A45669BEEE8FF /* CDVWKWebViewUIDelegate.m */,
				A03C64B7A2AD4FCEB54DF1BE /* CDVWKProcessPoolFactory.m */,
				0B590BC1CC0B45E6B47D237F /* IONAssetHandler.m */,
				F8AF2117004E4CE6A5A298B0 /* CDVWKWebViewEngine.h */,
				181220735E41420AB7A23C16 /* CDVWKWebViewUIDelegate.h */,
				D5C76BA4E6F84DB8AC5E493E /* CDVWKProcessPoolFactory.h */,
				7A4F4B1D78A6435C838E3918 /* IONAssetHandler.h */,
				D1466890BF47479780BB2ADC /* CDVFile.m */,
				816853E41C5049198E1EEC29 /* CDVLocalFilesystem.m */,
				144A7B82783D4BBF8822D0C5 /* CDVAssetLibraryFilesystem.m */,
				DF0DEBA3442C494B9662DC97 /* CDVFile.h */,
				9321174D54C2470494AFD4A7 /* CDVLocalFilesystem.h */,
				3AFE01A296044CBA8F4545EC /* CDVAssetLibraryFilesystem.h */,
				0921773C364E4CE69BEADE60 /* CordovaHttpPlugin.m */,
				A65466D25D6F496A81971D54 /* BinaryRequestSerializer.m */,
				C9AE1A6864D14825A87D7A40 /* BinaryResponseSerializer.m */,
				83F31AEFA7EA4325A694BADA /* TextResponseSerializer.m */,
				FC10E457F5D34896B1CF2275 /* TextRequestSerializer.m */,
				3E662CBD917D4C928298B340 /* SM_AFHTTPSessionManager.m */,
				0C735BB220C24ADF96361BAE /* SM_AFNetworkReachabilityManager.m */,
				F44F3D0FA3964C9CB275C98D /* SM_AFSecurityPolicy.m */,
				F5D4E5C863D14B719C0C6DD2 /* SM_AFURLRequestSerialization.m */,
				F82B33DAB53344F78272E6B4 /* SM_AFURLResponseSerialization.m */,
				D6B1C4CC901047E0B6D034EA /* SM_AFURLSessionManager.m */,
				D0EBE9CA9A4D45EE8C2E63BD /* SDNetworkActivityIndicator.m */,
				1C11A4BF4572483B92C848B7 /* CordovaHttpPlugin.h */,
				419FC0ED3F4442D1B2D664A3 /* BinaryRequestSerializer.h */,
				9905590105204E4FA1165AA5 /* BinaryResponseSerializer.h */,
				18775322BB8841F68A25231D /* TextResponseSerializer.h */,
				068C83EDFD3449F1B7C03930 /* TextRequestSerializer.h */,
				2312CFCCCFA549F39BB7ED69 /* SM_AFHTTPSessionManager.h */,
				FB4FC583E7FA44FCAA1F9E71 /* SM_AFNetworking.h */,
				914AA6F5594A4B4BAC0E284D /* SM_AFNetworkReachabilityManager.h */,
				C7FDB51DBCDB42EA9EDC020F /* SM_AFSecurityPolicy.h */,
				26059FA1A2F547D4810F9667 /* SM_AFURLRequestSerialization.h */,
				E6031EE424CC478A9421B286 /* SM_AFURLResponseSerialization.h */,
				DB3352E08C584F8CBB37FC1D /* SM_AFURLSessionManager.h */,
				B0A27B42777645A285D8D92E /* SDNetworkActivityIndicator.h */,
				3EC7AAB4BABA45D09749FDA6 /* GooglePlus.m */,
				DA533D8D0CAE4AA9BC142722 /* GooglePlus.h */,
				5FF1F0B45BFC4F25B90752C4 /* CDVStatusBar.m */,
				16F87EC5FCE74C58B6CF076B /* CDVStatusBar.h */,
				29FC64D1E5284E12B59B0B9C /* CDVInAppBrowserOptions.m */,
				8E1A84D77AB34E1FAFA7A100 /* CDVInAppBrowserNavigationController.m */,
				4AA4BA65782049CCAC53AB83 /* CDVWKInAppBrowser.m */,
				FD03C096095E4C37B5383DA6 /* CDVWKInAppBrowserUIDelegate.m */,
				E6553EF7FAB14C2C8B20FEEF /* CDVInAppBrowserOptions.h */,
				488B344BADB0429BA3301388 /* CDVInAppBrowserNavigationController.h */,
				AE954A4928D64A82A197513F /* CDVWKInAppBrowser.h */,
				6C829BF11C9748B6A3A3C3CB /* CDVWKInAppBrowserUIDelegate.h */,
				E57BCB411F2D4BFF81622184 /* SQLitePlugin.m */,
				5039E2BF3D8243BBBD1CC89B /* CustomPSPDFThreadSafeMutableDictionary.m */,
				3610297F527C45AB88ED20FA /* sqlite3.c */,
				1792082D061740E4B30B3CBF /* SQLitePlugin.h */,
				608F822992914508BEE9902D /* sqlite3.h */,
				FAC8279E8EB34F49A1559D2C /* CDVFileTransfer.m */,
				E626520D85344B4BA9D03CFB /* CDVFileTransfer.h */,
				4B478277C5B643C690C86D4D /* SOSPicker.m */,
				5579318A886A4C5DB10B9488 /* FeHourGlass.m */,
				5E6D072315DB409D8BA11B7B /* UIImage+fixOrientation.m */,
				CCF6820DD0B646658E2A4E83 /* GMAlbumsViewCell.m */,
				3323BFA9FB524C9B91BE1E6E /* GMAlbumsViewController.m */,
				7D1B20BCDFBC4F6BB682AFB2 /* GMFetchItem.m */,
				A235C4EA706B42FD87F3050B /* GMGridViewCell.m */,
				79F58944DC24442A8804A12D /* GMGridViewController.m */,
				A58AF7ACE11045D79B612ABB /* GMImagePickerController.m */,
				15534706E5FE4653AD1454E0 /* PSYBlockTimer.m */,
				688CC1682C924A038E43EA33 /* GMPHAsset.m */,
				89A31984484240B59F716373 /* SOSPicker.h */,
				A0655BAAD0E9414F8690A9B1 /* FeHourGlass.h */,
				13C198DFAFAB4227B7CBC095 /* UIImage+fixOrientation.h */,
				913CB9DB561D45AA92A7C8C5 /* GMAlbumsViewCell.h */,
				2FD6E8F5CD0E487FB4FE2186 /* GMAlbumsViewController.h */,
				03D9B72DA74A4B9E9628169F /* GMFetchItem.h */,
				508AEEC31F434C7ABE055758 /* GMGridViewCell.h */,
				1AE8CDDD89824A7DBDD96AED /* GMGridViewController.h */,
				B39BBA10FDFB45EDA700B8B4 /* GMImagePickerController.h */,
				258742EDB77E4103B164CDDA /* PSYBlockTimer.h */,
				9C5D6724AB344490B6BAB4D1 /* GMPHAsset.h */,
				5190150484594E4297F48E58 /* CTCrop.m */,
				9840B04F85D34A3DA855009D /* PECropRectView.m */,
				F14F1F002E52486DBE40D912 /* PECropView.m */,
				89295E3F5D1D435393F216B7 /* PECropViewController.m */,
				FF28D08FFAFB447EAE25A6E9 /* PEResizeControl.m */,
				09D65D053C1541ECB94CA9D2 /* UIImage+PECrop.m */,
				FF9890D9B86D40A5B2810A35 /* CTCrop.h */,
				94CF4B7E26834D978FEF9FB1 /* PECropRectView.h */,
				686AAD7E751749E9B708157F /* PECropView.h */,
				9A25A7A76ECD4CE4829AC836 /* PECropViewController.h */,
				877DA75A75BA4ACC831C4D96 /* PEResizeControl.h */,
				C4288C27224948E7A23AABBC /* UIImage+PECrop.h */,
			);
			name = Plugins;
			path = FLUNAH/Plugins;
			sourceTree = SOURCE_ROOT;
		};
		EB87FDF11871DA420020F90C /* Staging */ = {
			isa = PBXGroup;
			children = (
				F840E1F0165FE0F500CFE078 /* config.xml */,
				301BF56E109A69640062928A /* www */,
			);
			name = Staging;
			sourceTree = "<group>";
		};
/* End PBXGroup section */

/* Begin PBXNativeTarget section */
		1D6058900D05DD3D006BFB54 /* FLUNAH */ = {
			isa = PBXNativeTarget;
			buildConfigurationList = 1D6058960D05DD3E006BFB54 /* Build configuration list for PBXNativeTarget "FLUNAH" */;
			buildPhases = (
				F47FAE92A25194AA5AD24997 /* [CP] Check Pods Manifest.lock */,
				304B58A110DAC018002A0835 /* Copy www directory */,
				1D60588D0D05DD3D006BFB54 /* Resources */,
				1D60588E0D05DD3D006BFB54 /* Sources */,
				1D60588F0D05DD3D006BFB54 /* Frameworks */,
				82F7697968A95E2E06D653DC /* [CP] Embed Pods Frameworks */,
				D9BE2F173BB5138F59994CE6 /* [CP] Copy Pods Resources */,
			);
			buildRules = (
			);
			dependencies = (
				301BF551109A68C00062928A /* PBXTargetDependency */,
			);
			name = FLUNAH;
			productName = FLUNAH;
			productReference = 1D6058910D05DD3D006BFB54 /* FLUNAH.app */;
			productType = "com.apple.product-type.application";
		};
/* End PBXNativeTarget section */

/* Begin PBXProject section */
		29B97313FDCFA39411CA2CEA /* Project object */ = {
			isa = PBXProject;
			attributes = {
				LastUpgradeCheck = 1130;
				TargetAttributes = {
					1D6058900D05DD3D006BFB54 = {
						ProvisioningStyle = Automatic;
					};
				};
			};
			buildConfigurationList = C01FCF4E08A954540054247B /* Build configuration list for PBXProject "FLUNAH" */;
			compatibilityVersion = "Xcode 11.0";
			developmentRegion = en;
			hasScannedForEncodings = 1;
			knownRegions = (
				en,
				Base,
			);
			mainGroup = 29B97314FDCFA39411CA2CEA;
			productRefGroup = 19C28FACFE9D520D11CA2CBB /* Products */;
			projectDirPath = "";
			projectReferences = (
				{
					ProductGroup = 301BF52E109A57CC0062928A /* Products */;
					ProjectRef = 301BF52D109A57CC0062928A /* CordovaLib.xcodeproj */;
				},
			);
			projectRoot = "";
			targets = (
				1D6058900D05DD3D006BFB54 /* FLUNAH */,
			);
		};
/* End PBXProject section */

/* Begin PBXReferenceProxy section */
		301BF535109A57CC0062928A /* libCordova.a */ = {
			isa = PBXReferenceProxy;
			fileType = archive.ar;
			path = libCordova.a;
			remoteRef = 301BF534109A57CC0062928A /* PBXContainerItemProxy */;
			sourceTree = BUILT_PRODUCTS_DIR;
		};
		907D8124214C687600058A10 /* Cordova.framework */ = {
			isa = PBXReferenceProxy;
			fileType = wrapper.framework;
			path = Cordova.framework;
			remoteRef = 907D8123214C687600058A10 /* PBXContainerItemProxy */;
			sourceTree = BUILT_PRODUCTS_DIR;
		};
/* End PBXReferenceProxy section */

/* Begin PBXResourcesBuildPhase section */
		1D60588D0D05DD3D006BFB54 /* Resources */ = {
			isa = PBXResourcesBuildPhase;
			buildActionMask = 2147483647;
			files = (
				302D95F214D2391D003F00A1 /* MainViewController.xib in Resources */,
				0207DA581B56EA530066E2B4 /* Images.xcassets in Resources */,
				6AFF5BF91D6E424B00AB3073 /* CDVLaunchScreen.storyboard in Resources */,
				71F2ABE39C004E9E93B9EA43 /* CDVNotification.bundle in Resources */,
				C1F70C347AB248D7BC67DA62 /* GMEmptyFolder@1x.png in Resources */,
				AD20E77C46EE46A49FC99BEB /* GMEmptyFolder@2x.png in Resources */,
				CFC99B6390BF48429856B96B /* GMSelected.png in Resources */,
				F3D45798BAD54C01B4E73539 /* GMSelected@2x.png in Resources */,
				EF7AEEC257AA40938334F0FD /* GMVideoIcon.png in Resources */,
				EF2A62B2A05846FC8D81F58B /* GMVideoIcon@2x.png in Resources */,
				AA5CE7D352294521A56A2365 /* ca.lproj in Resources */,
				B87EB1372AE24154AB351C71 /* de.lproj in Resources */,
				18DE6FD1C94E4C4FAF0C531B /* en.lproj in Resources */,
				0AC209FEF9514572B769DF64 /* es.lproj in Resources */,
				5F3B6E6015D94F43A801D986 /* fr.lproj in Resources */,
				D194CA493FAC4AF9AB077227 /* it.lproj in Resources */,
				4EA5B9FFC8B74ECCB70AD855 /* pt.lproj in Resources */,
				E59ECBFA610542DD94BDC1EE /* pl.lproj in Resources */,
				DB2430AFC62C444188D310E8 /* zh-Hans.lproj in Resources */,
				FCC0D468323D4A2F9FDE69A7 /* PEPhotoCropEditor.bundle in Resources */,
			);
			runOnlyForDeploymentPostprocessing = 0;
		};
/* End PBXResourcesBuildPhase section */

/* Begin PBXShellScriptBuildPhase section */
		304B58A110DAC018002A0835 /* Copy www directory */ = {
			isa = PBXShellScriptBuildPhase;
			buildActionMask = 2147483647;
			files = (
			);
			inputPaths = (
			);
			name = "Copy www directory";
			outputPaths = (
			);
			runOnlyForDeploymentPostprocessing = 0;
			shellPath = /bin/sh;
			shellScript = "\"$SRCROOT/FLUNAH/Scripts/copy-www-build-step.sh\"";
			showEnvVarsInLog = 0;
		};
		82F7697968A95E2E06D653DC /* [CP] Embed Pods Frameworks */ = {
			isa = PBXShellScriptBuildPhase;
			buildActionMask = 2147483647;
			files = (
			);
			inputFileListPaths = (
				"${PODS_ROOT}/Target Support Files/Pods-FLUNAH/Pods-FLUNAH-frameworks-${CONFIGURATION}-input-files.xcfilelist",
			);
			name = "[CP] Embed Pods Frameworks";
			outputFileListPaths = (
				"${PODS_ROOT}/Target Support Files/Pods-FLUNAH/Pods-FLUNAH-frameworks-${CONFIGURATION}-output-files.xcfilelist",
			);
			runOnlyForDeploymentPostprocessing = 0;
			shellPath = /bin/sh;
			shellScript = "\"${PODS_ROOT}/Target Support Files/Pods-FLUNAH/Pods-FLUNAH-frameworks.sh\"\n";
			showEnvVarsInLog = 0;
		};
		D9BE2F173BB5138F59994CE6 /* [CP] Copy Pods Resources */ = {
			isa = PBXShellScriptBuildPhase;
			buildActionMask = 2147483647;
			files = (
			);
			inputFileListPaths = (
				"${PODS_ROOT}/Target Support Files/Pods-FLUNAH/Pods-FLUNAH-resources-${CONFIGURATION}-input-files.xcfilelist",
			);
			name = "[CP] Copy Pods Resources";
			outputFileListPaths = (
				"${PODS_ROOT}/Target Support Files/Pods-FLUNAH/Pods-FLUNAH-resources-${CONFIGURATION}-output-files.xcfilelist",
			);
			runOnlyForDeploymentPostprocessing = 0;
			shellPath = /bin/sh;
			shellScript = "\"${PODS_ROOT}/Target Support Files/Pods-FLUNAH/Pods-FLUNAH-resources.sh\"\n";
			showEnvVarsInLog = 0;
		};
		F47FAE92A25194AA5AD24997 /* [CP] Check Pods Manifest.lock */ = {
			isa = PBXShellScriptBuildPhase;
			buildActionMask = 2147483647;
			files = (
			);
			inputFileListPaths = (
			);
			inputPaths = (
				"${PODS_PODFILE_DIR_PATH}/Podfile.lock",
				"${PODS_ROOT}/Manifest.lock",
			);
			name = "[CP] Check Pods Manifest.lock";
			outputFileListPaths = (
			);
			outputPaths = (
				"$(DERIVED_FILE_DIR)/Pods-FLUNAH-checkManifestLockResult.txt",
			);
			runOnlyForDeploymentPostprocessing = 0;
			shellPath = /bin/sh;
			shellScript = "diff \"${PODS_PODFILE_DIR_PATH}/Podfile.lock\" \"${PODS_ROOT}/Manifest.lock\" > /dev/null\nif [ $? != 0 ] ; then\n    # print error to STDERR\n    echo \"error: The sandbox is not in sync with the Podfile.lock. Run 'pod install' or update your CocoaPods installation.\" >&2\n    exit 1\nfi\n# This output is used by Xcode 'outputs' to avoid re-running this script phase.\necho \"SUCCESS\" > \"${SCRIPT_OUTPUT_FILE_0}\"\n";
			showEnvVarsInLog = 0;
		};
/* End PBXShellScriptBuildPhase section */

/* Begin PBXSourcesBuildPhase section */
		1D60588E0D05DD3D006BFB54 /* Sources */ = {
			isa = PBXSourcesBuildPhase;
			buildActionMask = 2147483647;
			files = (
				1D60589B0D05DD56006BFB54 /* main.m in Sources */,
				1D3623260D0F684500981E51 /* AppDelegate.m in Sources */,
				302D95F114D2391D003F00A1 /* MainViewController.m in Sources */,
				34287D9E8A1C4BB895FB9970 /* CDVIonicKeyboard.m in Sources */,
				24A40554E7884E4C88881F52 /* NativeStorage.m in Sources */,
				67FBE85E08954336832BCB5D /* FacebookConnectPlugin.m in Sources */,
				564DDE5163B0494584FE37BB /* CDVLocation.m in Sources */,
				F4246FEC95DC40369D3B9B8D /* RequestLocationAccuracy.m in Sources */,
				EE3FB51966624D6CBAC2E69C /* NativeGeocoder.swift in Sources */,
				0D11688D278B4483B583A297 /* APPEmailComposer.m in Sources */,
				C29E14C4C9A74E74A06C3092 /* APPEmailComposerImpl.m in Sources */,
				07CFEEA9B57D483E80DD3118 /* NSString+SSURLEncoding.m in Sources */,
				25B339EF709E49338B0DED40 /* SocialSharing.m in Sources */,
				9FA52E5D064E457886AB8C9D /* CDVNotification.m in Sources */,
				65A016B3090C465C8CE4DDE1 /* CDVAppRate.m in Sources */,
				5D0051313A7A47BEA00750C0 /* CDVDevice.m in Sources */,
				85A279E6A01B40C1B0C8E707 /* CDVWKWebViewEngine.m in Sources */,
				6D12AFF7BB824EFD91BF9109 /* CDVWKWebViewUIDelegate.m in Sources */,
				5A1AB1A60CD144368A519035 /* CDVWKProcessPoolFactory.m in Sources */,
				2D0A686382B649C5814372C8 /* IONAssetHandler.m in Sources */,
				9686870E4F55434D9E159961 /* CDVFile.m in Sources */,
				7DFAAE07A7AE4F2B97E4309E /* CDVLocalFilesystem.m in Sources */,
				F6126779877B4E32B6B8D798 /* CDVAssetLibraryFilesystem.m in Sources */,
				EF8A98014BEF486A8F6F5859 /* CordovaHttpPlugin.m in Sources */,
				876470BE824A4AAAB855CB4F /* BinaryRequestSerializer.m in Sources */,
				068C7CF9A88F4C6E8B83AA7E /* BinaryResponseSerializer.m in Sources */,
				43ADD7F21D14462E93FD70A8 /* TextResponseSerializer.m in Sources */,
				515C66AF776E4669947C4600 /* TextRequestSerializer.m in Sources */,
				6B91AD687CE64FF9AB4E23D4 /* SM_AFHTTPSessionManager.m in Sources */,
				A288D3A97CC44D24B04CDEC8 /* SM_AFNetworkReachabilityManager.m in Sources */,
				3F009B0C72D643B693B0073A /* SM_AFSecurityPolicy.m in Sources */,
				913E20E618C64577ADEA447B /* SM_AFURLRequestSerialization.m in Sources */,
				D80F8A8454E9441182DDC604 /* SM_AFURLResponseSerialization.m in Sources */,
				9F7194C76B8746A190389D31 /* SM_AFURLSessionManager.m in Sources */,
				BB5C879F9EF24D5A8D84E188 /* SDNetworkActivityIndicator.m in Sources */,
				283387CFE35C4073ACBBBBA7 /* GooglePlus.m in Sources */,
				A8352F86ECF74150B532536E /* CDVStatusBar.m in Sources */,
				72F7BF96F36540F4BDD63118 /* CDVInAppBrowserOptions.m in Sources */,
				A060D4D395A54A928556E221 /* CDVInAppBrowserNavigationController.m in Sources */,
				C904B0E90E154B7689EAE7D7 /* CDVWKInAppBrowser.m in Sources */,
				B00EBA6D64BE4651A0430A9F /* CDVWKInAppBrowserUIDelegate.m in Sources */,
				5F3ED321CE7847EE8E7B2E33 /* SQLitePlugin.m in Sources */,
				39DB1CD810D942F5A2EA2000 /* CustomPSPDFThreadSafeMutableDictionary.m in Sources */,
				36741565FA774495A1EBEDD1 /* sqlite3.c in Resources */,
				F50B3F8433794AF883CD3542 /* CDVFileTransfer.m in Sources */,
				72F846F481394E5496DEA504 /* SOSPicker.m in Sources */,
				DAA7A614D04D4699AA1D8F32 /* FeHourGlass.m in Sources */,
				583BBB5DF5324592A3DBD96F /* UIImage+fixOrientation.m in Sources */,
				056AD10315D048988569C495 /* GMAlbumsViewCell.m in Sources */,
				87F3B2884C214726AD500E8B /* GMAlbumsViewController.m in Sources */,
				931A0B7F3FF449FAB7A33739 /* GMFetchItem.m in Sources */,
				B6767AC4A0134FE5A35FB16E /* GMGridViewCell.m in Sources */,
				C47AAF630C364ACF95446D7F /* GMGridViewController.m in Sources */,
				5E3EB55C4AD74C0591D59197 /* GMImagePickerController.m in Sources */,
				B5DC61DF000943EA9A382642 /* PSYBlockTimer.m in Sources */,
				6879D15D2EED459297100546 /* GMPHAsset.m in Sources */,
				E0875D5C8CB84BAABD246BD3 /* CTCrop.m in Sources */,
				5D93430CB92942CC8A839C09 /* PECropRectView.m in Sources */,
				D15554F9E842419DB686DD41 /* PECropView.m in Sources */,
				B5D0B9CC2BF34603972CD1CF /* PECropViewController.m in Sources */,
				0D3580FABA3C488381552E53 /* PEResizeControl.m in Sources */,
				9DB04A69ED214DE7AC58C7DF /* UIImage+PECrop.m in Sources */,
			);
			runOnlyForDeploymentPostprocessing = 0;
		};
/* End PBXSourcesBuildPhase section */

/* Begin PBXTargetDependency section */
		301BF551109A68C00062928A /* PBXTargetDependency */ = {
			isa = PBXTargetDependency;
			name = CordovaLib;
			targetProxy = 301BF550109A68C00062928A /* PBXContainerItemProxy */;
		};
/* End PBXTargetDependency section */

/* Begin XCBuildConfiguration section */
		1D6058940D05DD3E006BFB54 /* Debug */ = {
			isa = XCBuildConfiguration;
			baseConfigurationReference = 3047A50F1AB8059700498E2A /* build-debug.xcconfig */;
			buildSettings = {
				ALWAYS_SEARCH_USER_PATHS = NO;
				ASSETCATALOG_COMPILER_APPICON_NAME = AppIcon;
				CLANG_ENABLE_MODULES = YES;
				CLANG_ENABLE_OBJC_ARC = YES;
				COPY_PHASE_STRIP = NO;
				GCC_DYNAMIC_NO_PIC = NO;
				GCC_OPTIMIZATION_LEVEL = 0;
				GCC_PRECOMPILE_PREFIX_HEADER = YES;
				GCC_PREFIX_HEADER = "FLUNAH/FLUNAH-Prefix.pch";
				GCC_THUMB_SUPPORT = NO;
				GCC_VERSION = "";
				INFOPLIST_FILE = "FLUNAH/FLUNAH-Info.plist";
				IPHONEOS_DEPLOYMENT_TARGET = 11.0;
				LD_RUNPATH_SEARCH_PATHS = "@executable_path/Frameworks";
				PRODUCT_BUNDLE_IDENTIFIER = com.flunah.app;
				PRODUCT_NAME = "$(TARGET_NAME)";
				TARGETED_DEVICE_FAMILY = "1,2";
				VALIDATE_WORKSPACE = NO;
				SWIFT_OBJC_BRIDGING_HEADER = "$(PROJECT_DIR)/$(PROJECT_NAME)/Bridging-Header.h";
				ALWAYS_EMBED_SWIFT_STANDARD_LIBRARIES = YES;
				SWIFT_VERSION = 4.0;
				SWIFT_OPTIMIZATION_LEVEL = "-Onone";
			};
			name = Debug;
		};
		1D6058950D05DD3E006BFB54 /* Release */ = {
			isa = XCBuildConfiguration;
			baseConfigurationReference = 3047A5101AB8059700498E2A /* build-release.xcconfig */;
			buildSettings = {
				ALWAYS_SEARCH_USER_PATHS = NO;
				ASSETCATALOG_COMPILER_APPICON_NAME = AppIcon;
				CLANG_ENABLE_MODULES = YES;
				CLANG_ENABLE_OBJC_ARC = YES;
				COPY_PHASE_STRIP = YES;
				GCC_PRECOMPILE_PREFIX_HEADER = YES;
				GCC_PREFIX_HEADER = "FLUNAH/FLUNAH-Prefix.pch";
				GCC_THUMB_SUPPORT = NO;
				GCC_VERSION = "";
				INFOPLIST_FILE = "FLUNAH/FLUNAH-Info.plist";
				IPHONEOS_DEPLOYMENT_TARGET = 11.0;
				LD_RUNPATH_SEARCH_PATHS = "@executable_path/Frameworks";
				PRODUCT_BUNDLE_IDENTIFIER = com.flunah.app;
				PRODUCT_NAME = "$(TARGET_NAME)";
				TARGETED_DEVICE_FAMILY = "1,2";
				VALIDATE_WORKSPACE = NO;
				SWIFT_OBJC_BRIDGING_HEADER = "$(PROJECT_DIR)/$(PROJECT_NAME)/Bridging-Header.h";
				ALWAYS_EMBED_SWIFT_STANDARD_LIBRARIES = YES;
				SWIFT_VERSION = 4.0;
			};
			name = Release;
		};
		C01FCF4F08A954540054247B /* Debug */ = {
			isa = XCBuildConfiguration;
			baseConfigurationReference = 3047A5111AB8059700498E2A /* build.xcconfig */;
			buildSettings = {
				CLANG_ANALYZER_LOCALIZABILITY_NONLOCALIZED = YES;
				CLANG_ENABLE_MODULES = YES;
				CLANG_ENABLE_OBJC_ARC = YES;
				CLANG_WARN_BLOCK_CAPTURE_AUTORELEASING = YES;
				CLANG_WARN_BOOL_CONVERSION = YES;
				CLANG_WARN_COMMA = YES;
				CLANG_WARN_CONSTANT_CONVERSION = YES;
				CLANG_WARN_DEPRECATED_OBJC_IMPLEMENTATIONS = YES;
				CLANG_WARN_EMPTY_BODY = YES;
				CLANG_WARN_ENUM_CONVERSION = YES;
				CLANG_WARN_INFINITE_RECURSION = YES;
				CLANG_WARN_INT_CONVERSION = YES;
				CLANG_WARN_NON_LITERAL_NULL_CONVERSION = YES;
				CLANG_WARN_OBJC_IMPLICIT_RETAIN_SELF = YES;
				CLANG_WARN_OBJC_LITERAL_CONVERSION = YES;
				CLANG_WARN_RANGE_LOOP_ANALYSIS = YES;
				CLANG_WARN_STRICT_PROTOTYPES = YES;
				CLANG_WARN_SUSPICIOUS_MOVE = YES;
				CLANG_WARN_UNREACHABLE_CODE = YES;
				CLANG_WARN__DUPLICATE_METHOD_MATCH = YES;
				ENABLE_STRICT_OBJC_MSGSEND = YES;
				ENABLE_TESTABILITY = YES;
				GCC_C_LANGUAGE_STANDARD = c99;
				GCC_NO_COMMON_BLOCKS = YES;
				GCC_THUMB_SUPPORT = NO;
				GCC_VERSION = "";
				GCC_WARN_64_TO_32_BIT_CONVERSION = YES;
				GCC_WARN_ABOUT_RETURN_TYPE = YES;
				GCC_WARN_UNDECLARED_SELECTOR = YES;
				GCC_WARN_UNINITIALIZED_AUTOS = YES;
				GCC_WARN_UNUSED_FUNCTION = YES;
				GCC_WARN_UNUSED_VARIABLE = YES;
				ONLY_ACTIVE_ARCH = YES;
				SDKROOT = iphoneos;
				SKIP_INSTALL = NO;
				WK_WEB_VIEW_ONLY = 1;
				IPHONEOS_DEPLOYMENT_TARGET = 11.0;
				SWIFT_OBJC_BRIDGING_HEADER = "$(PROJECT_DIR)/$(PROJECT_NAME)/Bridging-Header.h";
				ALWAYS_EMBED_SWIFT_STANDARD_LIBRARIES = YES;
				SWIFT_VERSION = 4.0;
				SWIFT_OPTIMIZATION_LEVEL = "-Onone";
			};
			name = Debug;
		};
		C01FCF5008A954540054247B /* Release */ = {
			isa = XCBuildConfiguration;
			baseConfigurationReference = 3047A5111AB8059700498E2A /* build.xcconfig */;
			buildSettings = {
				CLANG_ANALYZER_LOCALIZABILITY_NONLOCALIZED = YES;
				CLANG_ENABLE_MODULES = YES;
				CLANG_ENABLE_OBJC_ARC = YES;
				CLANG_WARN_BLOCK_CAPTURE_AUTORELEASING = YES;
				CLANG_WARN_BOOL_CONVERSION = YES;
				CLANG_WARN_COMMA = YES;
				CLANG_WARN_CONSTANT_CONVERSION = YES;
				CLANG_WARN_DEPRECATED_OBJC_IMPLEMENTATIONS = YES;
				CLANG_WARN_EMPTY_BODY = YES;
				CLANG_WARN_ENUM_CONVERSION = YES;
				CLANG_WARN_INFINITE_RECURSION = YES;
				CLANG_WARN_INT_CONVERSION = YES;
				CLANG_WARN_NON_LITERAL_NULL_CONVERSION = YES;
				CLANG_WARN_OBJC_IMPLICIT_RETAIN_SELF = YES;
				CLANG_WARN_OBJC_LITERAL_CONVERSION = YES;
				CLANG_WARN_RANGE_LOOP_ANALYSIS = YES;
				CLANG_WARN_STRICT_PROTOTYPES = YES;
				CLANG_WARN_SUSPICIOUS_MOVE = YES;
				CLANG_WARN_UNREACHABLE_CODE = YES;
				CLANG_WARN__DUPLICATE_METHOD_MATCH = YES;
				ENABLE_STRICT_OBJC_MSGSEND = YES;
				GCC_C_LANGUAGE_STANDARD = c99;
				GCC_NO_COMMON_BLOCKS = YES;
				GCC_THUMB_SUPPORT = NO;
				GCC_VERSION = "";
				GCC_WARN_64_TO_32_BIT_CONVERSION = YES;
				GCC_WARN_ABOUT_RETURN_TYPE = YES;
				GCC_WARN_UNDECLARED_SELECTOR = YES;
				GCC_WARN_UNINITIALIZED_AUTOS = YES;
				GCC_WARN_UNUSED_FUNCTION = YES;
				GCC_WARN_UNUSED_VARIABLE = YES;
				SDKROOT = iphoneos;
				SKIP_INSTALL = NO;
				WK_WEB_VIEW_ONLY = 1;
				IPHONEOS_DEPLOYMENT_TARGET = 11.0;
				SWIFT_OBJC_BRIDGING_HEADER = "$(PROJECT_DIR)/$(PROJECT_NAME)/Bridging-Header.h";
				ALWAYS_EMBED_SWIFT_STANDARD_LIBRARIES = YES;
				SWIFT_VERSION = 4.0;
			};
			name = Release;
		};
/* End XCBuildConfiguration section */

/* Begin XCConfigurationList section */
		1D6058960D05DD3E006BFB54 /* Build configuration list for PBXNativeTarget "FLUNAH" */ = {
			isa = XCConfigurationList;
			buildConfigurations = (
				1D6058940D05DD3E006BFB54 /* Debug */,
				1D6058950D05DD3E006BFB54 /* Release */,
			);
			defaultConfigurationIsVisible = 0;
			defaultConfigurationName = Release;
		};
		C01FCF4E08A954540054247B /* Build configuration list for PBXProject "FLUNAH" */ = {
			isa = XCConfigurationList;
			buildConfigurations = (
				C01FCF4F08A954540054247B /* Debug */,
				C01FCF5008A954540054247B /* Release */,
			);
			defaultConfigurationIsVisible = 0;
			defaultConfigurationName = Release;
		};
/* End XCConfigurationList section */
	};
	rootObject = 29B97313FDCFA39411CA2CEA /* Project object */;
}
